// !$*UTF8*$!
{
	archiveVersion = 1;
	classes = {
	};
	objectVersion = 56;
	objects = {

/* Begin PBXBuildFile section */
		0B5A3C4E293E849E00D9A127 /* FirebaseAuth in Frameworks */ = {isa = PBXBuildFile; productRef = 0B5A3C4D293E849E00D9A127 /* FirebaseAuth */; };
		0B5A3C50293E849E00D9A127 /* FirebaseDatabase in Frameworks */ = {isa = PBXBuildFile; productRef = 0B5A3C4F293E849E00D9A127 /* FirebaseDatabase */; };
		0B5A3C52293E849E00D9A127 /* FirebaseFirestore in Frameworks */ = {isa = PBXBuildFile; productRef = 0B5A3C51293E849E00D9A127 /* FirebaseFirestore */; };
		0B7E7773293A24F900C47D6A /* LoginView.swift in Sources */ = {isa = PBXBuildFile; fileRef = 0B7E7772293A24F900C47D6A /* LoginView.swift */; };
		0B88B3D9293D21E0001BDBBD /* ContentModel.swift in Sources */ = {isa = PBXBuildFile; fileRef = 0B88B3D8293D21E0001BDBBD /* ContentModel.swift */; };
		0B88B3DB293D2CE4001BDBBD /* NewAccountView.swift in Sources */ = {isa = PBXBuildFile; fileRef = 0B88B3DA293D2CE4001BDBBD /* NewAccountView.swift */; };
		0B88B3DE293D33A3001BDBBD /* CardChoice.swift in Sources */ = {isa = PBXBuildFile; fileRef = 0B88B3DD293D33A3001BDBBD /* CardChoice.swift */; };
		0B88B3E0293E2074001BDBBD /* GoogleService-Info.plist in Resources */ = {isa = PBXBuildFile; fileRef = 0B88B3DF293E2074001BDBBD /* GoogleService-Info.plist */; };
		0B88B3E1293E2074001BDBBD /* GoogleService-Info.plist in Resources */ = {isa = PBXBuildFile; fileRef = 0B88B3DF293E2074001BDBBD /* GoogleService-Info.plist */; };
		0B88B3E2293E2074001BDBBD /* GoogleService-Info.plist in Resources */ = {isa = PBXBuildFile; fileRef = 0B88B3DF293E2074001BDBBD /* GoogleService-Info.plist */; };
		0BB06E082936E4A100599D68 /* ItemDisplayView.swift in Sources */ = {isa = PBXBuildFile; fileRef = 0BB06E072936E4A100599D68 /* ItemDisplayView.swift */; };
		0BCD1F3F293B7CA0001F83F7 /* ForgotPasword.swift in Sources */ = {isa = PBXBuildFile; fileRef = 0BCD1F3E293B7CA0001F83F7 /* ForgotPasword.swift */; };
		0BCD1F42293B7D6C001F83F7 /* Button.Shapes.swift in Sources */ = {isa = PBXBuildFile; fileRef = 0BCD1F41293B7D6C001F83F7 /* Button.Shapes.swift */; };
		0BF21F1D2935823A00979382 /* Me_Moji2App.swift in Sources */ = {isa = PBXBuildFile; fileRef = 0BF21F1C2935823A00979382 /* Me_Moji2App.swift */; };
		0BF21F1F2935823A00979382 /* LaunchView.swift in Sources */ = {isa = PBXBuildFile; fileRef = 0BF21F1E2935823A00979382 /* LaunchView.swift */; };
		0BF21F212935824000979382 /* Assets.xcassets in Resources */ = {isa = PBXBuildFile; fileRef = 0BF21F202935824000979382 /* Assets.xcassets */; };
		0BF21F252935824000979382 /* Preview Assets.xcassets in Resources */ = {isa = PBXBuildFile; fileRef = 0BF21F242935824000979382 /* Preview Assets.xcassets */; };
		0BF21F2F2935824100979382 /* Me_Moji2Tests.swift in Sources */ = {isa = PBXBuildFile; fileRef = 0BF21F2E2935824100979382 /* Me_Moji2Tests.swift */; };
		0BF21F392935824100979382 /* Me_Moji2UITests.swift in Sources */ = {isa = PBXBuildFile; fileRef = 0BF21F382935824100979382 /* Me_Moji2UITests.swift */; };
		0BF21F3B2935824100979382 /* Me_Moji2UITestsLaunchTests.swift in Sources */ = {isa = PBXBuildFile; fileRef = 0BF21F3A2935824100979382 /* Me_Moji2UITestsLaunchTests.swift */; };
		0BF21F4B293582D700979382 /* FaceDisplayView.swift in Sources */ = {isa = PBXBuildFile; fileRef = 0BF21F4A293582D700979382 /* FaceDisplayView.swift */; };
		0BF21F4D2935846900979382 /* CustomizationView.swift in Sources */ = {isa = PBXBuildFile; fileRef = 0BF21F4C2935846900979382 /* CustomizationView.swift */; };
/* End PBXBuildFile section */

/* Begin PBXContainerItemProxy section */
		0BF21F2B2935824100979382 /* PBXContainerItemProxy */ = {
			isa = PBXContainerItemProxy;
			containerPortal = 0BF21F112935823900979382 /* Project object */;
			proxyType = 1;
			remoteGlobalIDString = 0BF21F182935823A00979382;
			remoteInfo = "Me-Moji2";
		};
		0BF21F352935824100979382 /* PBXContainerItemProxy */ = {
			isa = PBXContainerItemProxy;
			containerPortal = 0BF21F112935823900979382 /* Project object */;
			proxyType = 1;
			remoteGlobalIDString = 0BF21F182935823A00979382;
			remoteInfo = "Me-Moji2";
		};
/* End PBXContainerItemProxy section */

/* Begin PBXFileReference section */
		0B7E7772293A24F900C47D6A /* LoginView.swift */ = {isa = PBXFileReference; lastKnownFileType = sourcecode.swift; path = LoginView.swift; sourceTree = "<group>"; };
		0B88B3D8293D21E0001BDBBD /* ContentModel.swift */ = {isa = PBXFileReference; lastKnownFileType = sourcecode.swift; path = ContentModel.swift; sourceTree = "<group>"; };
		0B88B3DA293D2CE4001BDBBD /* NewAccountView.swift */ = {isa = PBXFileReference; lastKnownFileType = sourcecode.swift; path = NewAccountView.swift; sourceTree = "<group>"; };
		0B88B3DD293D33A3001BDBBD /* CardChoice.swift */ = {isa = PBXFileReference; lastKnownFileType = sourcecode.swift; path = CardChoice.swift; sourceTree = "<group>"; };
		0B88B3DF293E2074001BDBBD /* GoogleService-Info.plist */ = {isa = PBXFileReference; fileEncoding = 4; lastKnownFileType = text.plist.xml; path = "GoogleService-Info.plist"; sourceTree = "<group>"; };
		0BB06E072936E4A100599D68 /* ItemDisplayView.swift */ = {isa = PBXFileReference; lastKnownFileType = sourcecode.swift; path = ItemDisplayView.swift; sourceTree = "<group>"; };
		0BCD1F3E293B7CA0001F83F7 /* ForgotPasword.swift */ = {isa = PBXFileReference; lastKnownFileType = sourcecode.swift; path = ForgotPasword.swift; sourceTree = "<group>"; };
		0BCD1F41293B7D6C001F83F7 /* Button.Shapes.swift */ = {isa = PBXFileReference; lastKnownFileType = sourcecode.swift; path = Button.Shapes.swift; sourceTree = "<group>"; };
		0BF21F192935823A00979382 /* Me-Moji2.app */ = {isa = PBXFileReference; explicitFileType = wrapper.application; includeInIndex = 0; path = "Me-Moji2.app"; sourceTree = BUILT_PRODUCTS_DIR; };
		0BF21F1C2935823A00979382 /* Me_Moji2App.swift */ = {isa = PBXFileReference; lastKnownFileType = sourcecode.swift; path = Me_Moji2App.swift; sourceTree = "<group>"; };
		0BF21F1E2935823A00979382 /* LaunchView.swift */ = {isa = PBXFileReference; lastKnownFileType = sourcecode.swift; path = LaunchView.swift; sourceTree = "<group>"; };
		0BF21F202935824000979382 /* Assets.xcassets */ = {isa = PBXFileReference; lastKnownFileType = folder.assetcatalog; path = Assets.xcassets; sourceTree = "<group>"; };
		0BF21F222935824000979382 /* Me_Moji2.entitlements */ = {isa = PBXFileReference; lastKnownFileType = text.plist.entitlements; path = Me_Moji2.entitlements; sourceTree = "<group>"; };
		0BF21F242935824000979382 /* Preview Assets.xcassets */ = {isa = PBXFileReference; lastKnownFileType = folder.assetcatalog; path = "Preview Assets.xcassets"; sourceTree = "<group>"; };
		0BF21F2A2935824100979382 /* Me-Moji2Tests.xctest */ = {isa = PBXFileReference; explicitFileType = wrapper.cfbundle; includeInIndex = 0; path = "Me-Moji2Tests.xctest"; sourceTree = BUILT_PRODUCTS_DIR; };
		0BF21F2E2935824100979382 /* Me_Moji2Tests.swift */ = {isa = PBXFileReference; lastKnownFileType = sourcecode.swift; path = Me_Moji2Tests.swift; sourceTree = "<group>"; };
		0BF21F342935824100979382 /* Me-Moji2UITests.xctest */ = {isa = PBXFileReference; explicitFileType = wrapper.cfbundle; includeInIndex = 0; path = "Me-Moji2UITests.xctest"; sourceTree = BUILT_PRODUCTS_DIR; };
		0BF21F382935824100979382 /* Me_Moji2UITests.swift */ = {isa = PBXFileReference; lastKnownFileType = sourcecode.swift; path = Me_Moji2UITests.swift; sourceTree = "<group>"; };
		0BF21F3A2935824100979382 /* Me_Moji2UITestsLaunchTests.swift */ = {isa = PBXFileReference; lastKnownFileType = sourcecode.swift; path = Me_Moji2UITestsLaunchTests.swift; sourceTree = "<group>"; };
		0BF21F4A293582D700979382 /* FaceDisplayView.swift */ = {isa = PBXFileReference; lastKnownFileType = sourcecode.swift; path = FaceDisplayView.swift; sourceTree = "<group>"; };
		0BF21F4C2935846900979382 /* CustomizationView.swift */ = {isa = PBXFileReference; lastKnownFileType = sourcecode.swift; path = CustomizationView.swift; sourceTree = "<group>"; };
/* End PBXFileReference section */

/* Begin PBXFrameworksBuildPhase section */
		0BF21F162935823A00979382 /* Frameworks */ = {
			isa = PBXFrameworksBuildPhase;
			buildActionMask = 2147483647;
			files = (
				0B5A3C50293E849E00D9A127 /* FirebaseDatabase in Frameworks */,
				0B5A3C4E293E849E00D9A127 /* FirebaseAuth in Frameworks */,
				0B5A3C52293E849E00D9A127 /* FirebaseFirestore in Frameworks */,
			);
			runOnlyForDeploymentPostprocessing = 0;
		};
		0BF21F272935824100979382 /* Frameworks */ = {
			isa = PBXFrameworksBuildPhase;
			buildActionMask = 2147483647;
			files = (
			);
			runOnlyForDeploymentPostprocessing = 0;
		};
		0BF21F312935824100979382 /* Frameworks */ = {
			isa = PBXFrameworksBuildPhase;
			buildActionMask = 2147483647;
			files = (
			);
			runOnlyForDeploymentPostprocessing = 0;
		};
/* End PBXFrameworksBuildPhase section */

/* Begin PBXGroup section */
		0B7E7770293A24D600C47D6A /* Login */ = {
			isa = PBXGroup;
			children = (
				0B7E7772293A24F900C47D6A /* LoginView.swift */,
				0BCD1F3E293B7CA0001F83F7 /* ForgotPasword.swift */,
				0B88B3DA293D2CE4001BDBBD /* NewAccountView.swift */,
			);
			path = Login;
			sourceTree = "<group>";
		};
		0B7E7771293A24DC00C47D6A /* Customization */ = {
			isa = PBXGroup;
			children = (
				0BF21F4C2935846900979382 /* CustomizationView.swift */,
				0BF21F4A293582D700979382 /* FaceDisplayView.swift */,
				0BB06E072936E4A100599D68 /* ItemDisplayView.swift */,
			);
			path = Customization;
			sourceTree = "<group>";
		};
		0B88B3DC293D338B001BDBBD /* CardChoice */ = {
			isa = PBXGroup;
			children = (
				0B88B3DD293D33A3001BDBBD /* CardChoice.swift */,
			);
			path = CardChoice;
			sourceTree = "<group>";
		};
		0BCD1F40293B7D3B001F83F7 /* Shapes.Reusables */ = {
			isa = PBXGroup;
			children = (
				0BCD1F41293B7D6C001F83F7 /* Button.Shapes.swift */,
			);
			path = Shapes.Reusables;
			sourceTree = "<group>";
		};
		0BF21F102935823900979382 = {
			isa = PBXGroup;
			children = (
				0BF21F1B2935823A00979382 /* Me-Moji2 */,
				0BF21F2D2935824100979382 /* Me-Moji2Tests */,
				0BF21F372935824100979382 /* Me-Moji2UITests */,
				0BF21F1A2935823A00979382 /* Products */,
			);
			sourceTree = "<group>";
		};
		0BF21F1A2935823A00979382 /* Products */ = {
			isa = PBXGroup;
			children = (
				0BF21F192935823A00979382 /* Me-Moji2.app */,
				0BF21F2A2935824100979382 /* Me-Moji2Tests.xctest */,
				0BF21F342935824100979382 /* Me-Moji2UITests.xctest */,
			);
			name = Products;
			sourceTree = "<group>";
		};
		0BF21F1B2935823A00979382 /* Me-Moji2 */ = {
			isa = PBXGroup;
			children = (
				0BF21F1C2935823A00979382 /* Me_Moji2App.swift */,
				0BF21F472935824B00979382 /* View */,
				0BF21F482935825200979382 /* View Model */,
				0BF21F492935825D00979382 /* Model */,
				0BF21F202935824000979382 /* Assets.xcassets */,
				0BF21F222935824000979382 /* Me_Moji2.entitlements */,
				0BF21F232935824000979382 /* Preview Content */,
			);
			path = "Me-Moji2";
			sourceTree = "<group>";
		};
		0BF21F232935824000979382 /* Preview Content */ = {
			isa = PBXGroup;
			children = (
				0BF21F242935824000979382 /* Preview Assets.xcassets */,
			);
			path = "Preview Content";
			sourceTree = "<group>";
		};
		0BF21F2D2935824100979382 /* Me-Moji2Tests */ = {
			isa = PBXGroup;
			children = (
				0BF21F2E2935824100979382 /* Me_Moji2Tests.swift */,
			);
			path = "Me-Moji2Tests";
			sourceTree = "<group>";
		};
		0BF21F372935824100979382 /* Me-Moji2UITests */ = {
			isa = PBXGroup;
			children = (
				0BF21F382935824100979382 /* Me_Moji2UITests.swift */,
				0BF21F3A2935824100979382 /* Me_Moji2UITestsLaunchTests.swift */,
			);
			path = "Me-Moji2UITests";
			sourceTree = "<group>";
		};
		0BF21F472935824B00979382 /* View */ = {
			isa = PBXGroup;
			children = (
				0B88B3DC293D338B001BDBBD /* CardChoice */,
				0BF21F1E2935823A00979382 /* LaunchView.swift */,
				0B7E7771293A24DC00C47D6A /* Customization */,
				0B7E7770293A24D600C47D6A /* Login */,
				0BCD1F40293B7D3B001F83F7 /* Shapes.Reusables */,
			);
			path = View;
			sourceTree = "<group>";
		};
		0BF21F482935825200979382 /* View Model */ = {
			isa = PBXGroup;
			children = (
				0B88B3D8293D21E0001BDBBD /* ContentModel.swift */,
			);
			path = "View Model";
			sourceTree = "<group>";
		};
		0BF21F492935825D00979382 /* Model */ = {
			isa = PBXGroup;
			children = (
				0B88B3DF293E2074001BDBBD /* GoogleService-Info.plist */,
			);
			path = Model;
			sourceTree = "<group>";
		};
/* End PBXGroup section */

/* Begin PBXNativeTarget section */
		0BF21F182935823A00979382 /* Me-Moji2 */ = {
			isa = PBXNativeTarget;
			buildConfigurationList = 0BF21F3E2935824100979382 /* Build configuration list for PBXNativeTarget "Me-Moji2" */;
			buildPhases = (
				0BF21F152935823A00979382 /* Sources */,
				0BF21F162935823A00979382 /* Frameworks */,
				0BF21F172935823A00979382 /* Resources */,
			);
			buildRules = (
			);
			dependencies = (
			);
			name = "Me-Moji2";
			packageProductDependencies = (
				0B5A3C4D293E849E00D9A127 /* FirebaseAuth */,
				0B5A3C4F293E849E00D9A127 /* FirebaseDatabase */,
				0B5A3C51293E849E00D9A127 /* FirebaseFirestore */,
			);
			productName = "Me-Moji2";
			productReference = 0BF21F192935823A00979382 /* Me-Moji2.app */;
			productType = "com.apple.product-type.application";
		};
		0BF21F292935824100979382 /* Me-Moji2Tests */ = {
			isa = PBXNativeTarget;
			buildConfigurationList = 0BF21F412935824100979382 /* Build configuration list for PBXNativeTarget "Me-Moji2Tests" */;
			buildPhases = (
				0BF21F262935824100979382 /* Sources */,
				0BF21F272935824100979382 /* Frameworks */,
				0BF21F282935824100979382 /* Resources */,
			);
			buildRules = (
			);
			dependencies = (
				0BF21F2C2935824100979382 /* PBXTargetDependency */,
			);
			name = "Me-Moji2Tests";
			productName = "Me-Moji2Tests";
			productReference = 0BF21F2A2935824100979382 /* Me-Moji2Tests.xctest */;
			productType = "com.apple.product-type.bundle.unit-test";
		};
		0BF21F332935824100979382 /* Me-Moji2UITests */ = {
			isa = PBXNativeTarget;
			buildConfigurationList = 0BF21F442935824100979382 /* Build configuration list for PBXNativeTarget "Me-Moji2UITests" */;
			buildPhases = (
				0BF21F302935824100979382 /* Sources */,
				0BF21F312935824100979382 /* Frameworks */,
				0BF21F322935824100979382 /* Resources */,
			);
			buildRules = (
			);
			dependencies = (
				0BF21F362935824100979382 /* PBXTargetDependency */,
			);
			name = "Me-Moji2UITests";
			productName = "Me-Moji2UITests";
			productReference = 0BF21F342935824100979382 /* Me-Moji2UITests.xctest */;
			productType = "com.apple.product-type.bundle.ui-testing";
		};
/* End PBXNativeTarget section */

/* Begin PBXProject section */
		0BF21F112935823900979382 /* Project object */ = {
			isa = PBXProject;
			attributes = {
				BuildIndependentTargetsInParallel = 1;
				LastSwiftUpdateCheck = 1410;
				LastUpgradeCheck = 1410;
				TargetAttributes = {
					0BF21F182935823A00979382 = {
						CreatedOnToolsVersion = 14.1;
					};
					0BF21F292935824100979382 = {
						CreatedOnToolsVersion = 14.1;
						TestTargetID = 0BF21F182935823A00979382;
					};
					0BF21F332935824100979382 = {
						CreatedOnToolsVersion = 14.1;
						TestTargetID = 0BF21F182935823A00979382;
					};
				};
			};
			buildConfigurationList = 0BF21F142935823900979382 /* Build configuration list for PBXProject "Me-Moji2" */;
			compatibilityVersion = "Xcode 14.0";
			developmentRegion = en;
			hasScannedForEncodings = 0;
			knownRegions = (
				en,
				Base,
			);
			mainGroup = 0BF21F102935823900979382;
			packageReferences = (
				0B5A3C4C293E849E00D9A127 /* XCRemoteSwiftPackageReference "firebase-ios-sdk" */,
			);
			productRefGroup = 0BF21F1A2935823A00979382 /* Products */;
			projectDirPath = "";
			projectRoot = "";
			targets = (
				0BF21F182935823A00979382 /* Me-Moji2 */,
				0BF21F292935824100979382 /* Me-Moji2Tests */,
				0BF21F332935824100979382 /* Me-Moji2UITests */,
			);
		};
/* End PBXProject section */

/* Begin PBXResourcesBuildPhase section */
		0BF21F172935823A00979382 /* Resources */ = {
			isa = PBXResourcesBuildPhase;
			buildActionMask = 2147483647;
			files = (
				0BF21F252935824000979382 /* Preview Assets.xcassets in Resources */,
				0BF21F212935824000979382 /* Assets.xcassets in Resources */,
				0B88B3E0293E2074001BDBBD /* GoogleService-Info.plist in Resources */,
			);
			runOnlyForDeploymentPostprocessing = 0;
		};
		0BF21F282935824100979382 /* Resources */ = {
			isa = PBXResourcesBuildPhase;
			buildActionMask = 2147483647;
			files = (
				0B88B3E1293E2074001BDBBD /* GoogleService-Info.plist in Resources */,
			);
			runOnlyForDeploymentPostprocessing = 0;
		};
		0BF21F322935824100979382 /* Resources */ = {
			isa = PBXResourcesBuildPhase;
			buildActionMask = 2147483647;
			files = (
				0B88B3E2293E2074001BDBBD /* GoogleService-Info.plist in Resources */,
			);
			runOnlyForDeploymentPostprocessing = 0;
		};
/* End PBXResourcesBuildPhase section */

/* Begin PBXSourcesBuildPhase section */
		0BF21F152935823A00979382 /* Sources */ = {
			isa = PBXSourcesBuildPhase;
			buildActionMask = 2147483647;
			files = (
				0B7E7773293A24F900C47D6A /* LoginView.swift in Sources */,
				0BF21F1F2935823A00979382 /* LaunchView.swift in Sources */,
				0BF21F4B293582D700979382 /* FaceDisplayView.swift in Sources */,
				0B88B3DB293D2CE4001BDBBD /* NewAccountView.swift in Sources */,
				0BF21F4D2935846900979382 /* CustomizationView.swift in Sources */,
				0BCD1F42293B7D6C001F83F7 /* Button.Shapes.swift in Sources */,
				0BF21F1D2935823A00979382 /* Me_Moji2App.swift in Sources */,
				0BB06E082936E4A100599D68 /* ItemDisplayView.swift in Sources */,
				0BCD1F3F293B7CA0001F83F7 /* ForgotPasword.swift in Sources */,
				0B88B3D9293D21E0001BDBBD /* ContentModel.swift in Sources */,
				0B88B3DE293D33A3001BDBBD /* CardChoice.swift in Sources */,
			);
			runOnlyForDeploymentPostprocessing = 0;
		};
		0BF21F262935824100979382 /* Sources */ = {
			isa = PBXSourcesBuildPhase;
			buildActionMask = 2147483647;
			files = (
				0BF21F2F2935824100979382 /* Me_Moji2Tests.swift in Sources */,
			);
			runOnlyForDeploymentPostprocessing = 0;
		};
		0BF21F302935824100979382 /* Sources */ = {
			isa = PBXSourcesBuildPhase;
			buildActionMask = 2147483647;
			files = (
				0BF21F3B2935824100979382 /* Me_Moji2UITestsLaunchTests.swift in Sources */,
				0BF21F392935824100979382 /* Me_Moji2UITests.swift in Sources */,
			);
			runOnlyForDeploymentPostprocessing = 0;
		};
/* End PBXSourcesBuildPhase section */

/* Begin PBXTargetDependency section */
		0BF21F2C2935824100979382 /* PBXTargetDependency */ = {
			isa = PBXTargetDependency;
			target = 0BF21F182935823A00979382 /* Me-Moji2 */;
			targetProxy = 0BF21F2B2935824100979382 /* PBXContainerItemProxy */;
		};
		0BF21F362935824100979382 /* PBXTargetDependency */ = {
			isa = PBXTargetDependency;
			target = 0BF21F182935823A00979382 /* Me-Moji2 */;
			targetProxy = 0BF21F352935824100979382 /* PBXContainerItemProxy */;
		};
/* End PBXTargetDependency section */

/* Begin XCBuildConfiguration section */
		0BF21F3C2935824100979382 /* Debug */ = {
			isa = XCBuildConfiguration;
			buildSettings = {
				ALWAYS_SEARCH_USER_PATHS = NO;
				CLANG_ANALYZER_NONNULL = YES;
				CLANG_ANALYZER_NUMBER_OBJECT_CONVERSION = YES_AGGRESSIVE;
				CLANG_CXX_LANGUAGE_STANDARD = "gnu++20";
				CLANG_ENABLE_MODULES = YES;
				CLANG_ENABLE_OBJC_ARC = YES;
				CLANG_ENABLE_OBJC_WEAK = YES;
				CLANG_WARN_BLOCK_CAPTURE_AUTORELEASING = YES;
				CLANG_WARN_BOOL_CONVERSION = YES;
				CLANG_WARN_COMMA = YES;
				CLANG_WARN_CONSTANT_CONVERSION = YES;
				CLANG_WARN_DEPRECATED_OBJC_IMPLEMENTATIONS = YES;
				CLANG_WARN_DIRECT_OBJC_ISA_USAGE = YES_ERROR;
				CLANG_WARN_DOCUMENTATION_COMMENTS = YES;
				CLANG_WARN_EMPTY_BODY = YES;
				CLANG_WARN_ENUM_CONVERSION = YES;
				CLANG_WARN_INFINITE_RECURSION = YES;
				CLANG_WARN_INT_CONVERSION = YES;
				CLANG_WARN_NON_LITERAL_NULL_CONVERSION = YES;
				CLANG_WARN_OBJC_IMPLICIT_RETAIN_SELF = YES;
				CLANG_WARN_OBJC_LITERAL_CONVERSION = YES;
				CLANG_WARN_OBJC_ROOT_CLASS = YES_ERROR;
				CLANG_WARN_QUOTED_INCLUDE_IN_FRAMEWORK_HEADER = YES;
				CLANG_WARN_RANGE_LOOP_ANALYSIS = YES;
				CLANG_WARN_STRICT_PROTOTYPES = YES;
				CLANG_WARN_SUSPICIOUS_MOVE = YES;
				CLANG_WARN_UNGUARDED_AVAILABILITY = YES_AGGRESSIVE;
				CLANG_WARN_UNREACHABLE_CODE = YES;
				CLANG_WARN__DUPLICATE_METHOD_MATCH = YES;
				COPY_PHASE_STRIP = NO;
				DEBUG_INFORMATION_FORMAT = dwarf;
				ENABLE_STRICT_OBJC_MSGSEND = YES;
				ENABLE_TESTABILITY = YES;
				GCC_C_LANGUAGE_STANDARD = gnu11;
				GCC_DYNAMIC_NO_PIC = NO;
				GCC_NO_COMMON_BLOCKS = YES;
				GCC_OPTIMIZATION_LEVEL = 0;
				GCC_PREPROCESSOR_DEFINITIONS = (
					"DEBUG=1",
					"$(inherited)",
				);
				GCC_WARN_64_TO_32_BIT_CONVERSION = YES;
				GCC_WARN_ABOUT_RETURN_TYPE = YES_ERROR;
				GCC_WARN_UNDECLARED_SELECTOR = YES;
				GCC_WARN_UNINITIALIZED_AUTOS = YES_AGGRESSIVE;
				GCC_WARN_UNUSED_FUNCTION = YES;
				GCC_WARN_UNUSED_VARIABLE = YES;
				MTL_ENABLE_DEBUG_INFO = INCLUDE_SOURCE;
				MTL_FAST_MATH = YES;
				ONLY_ACTIVE_ARCH = YES;
				SWIFT_ACTIVE_COMPILATION_CONDITIONS = DEBUG;
				SWIFT_OPTIMIZATION_LEVEL = "-Onone";
			};
			name = Debug;
		};
		0BF21F3D2935824100979382 /* Release */ = {
			isa = XCBuildConfiguration;
			buildSettings = {
				ALWAYS_SEARCH_USER_PATHS = NO;
				CLANG_ANALYZER_NONNULL = YES;
				CLANG_ANALYZER_NUMBER_OBJECT_CONVERSION = YES_AGGRESSIVE;
				CLANG_CXX_LANGUAGE_STANDARD = "gnu++20";
				CLANG_ENABLE_MODULES = YES;
				CLANG_ENABLE_OBJC_ARC = YES;
				CLANG_ENABLE_OBJC_WEAK = YES;
				CLANG_WARN_BLOCK_CAPTURE_AUTORELEASING = YES;
				CLANG_WARN_BOOL_CONVERSION = YES;
				CLANG_WARN_COMMA = YES;
				CLANG_WARN_CONSTANT_CONVERSION = YES;
				CLANG_WARN_DEPRECATED_OBJC_IMPLEMENTATIONS = YES;
				CLANG_WARN_DIRECT_OBJC_ISA_USAGE = YES_ERROR;
				CLANG_WARN_DOCUMENTATION_COMMENTS = YES;
				CLANG_WARN_EMPTY_BODY = YES;
				CLANG_WARN_ENUM_CONVERSION = YES;
				CLANG_WARN_INFINITE_RECURSION = YES;
				CLANG_WARN_INT_CONVERSION = YES;
				CLANG_WARN_NON_LITERAL_NULL_CONVERSION = YES;
				CLANG_WARN_OBJC_IMPLICIT_RETAIN_SELF = YES;
				CLANG_WARN_OBJC_LITERAL_CONVERSION = YES;
				CLANG_WARN_OBJC_ROOT_CLASS = YES_ERROR;
				CLANG_WARN_QUOTED_INCLUDE_IN_FRAMEWORK_HEADER = YES;
				CLANG_WARN_RANGE_LOOP_ANALYSIS = YES;
				CLANG_WARN_STRICT_PROTOTYPES = YES;
				CLANG_WARN_SUSPICIOUS_MOVE = YES;
				CLANG_WARN_UNGUARDED_AVAILABILITY = YES_AGGRESSIVE;
				CLANG_WARN_UNREACHABLE_CODE = YES;
				CLANG_WARN__DUPLICATE_METHOD_MATCH = YES;
				COPY_PHASE_STRIP = NO;
				DEBUG_INFORMATION_FORMAT = "dwarf-with-dsym";
				ENABLE_NS_ASSERTIONS = NO;
				ENABLE_STRICT_OBJC_MSGSEND = YES;
				GCC_C_LANGUAGE_STANDARD = gnu11;
				GCC_NO_COMMON_BLOCKS = YES;
				GCC_WARN_64_TO_32_BIT_CONVERSION = YES;
				GCC_WARN_ABOUT_RETURN_TYPE = YES_ERROR;
				GCC_WARN_UNDECLARED_SELECTOR = YES;
				GCC_WARN_UNINITIALIZED_AUTOS = YES_AGGRESSIVE;
				GCC_WARN_UNUSED_FUNCTION = YES;
				GCC_WARN_UNUSED_VARIABLE = YES;
				MTL_ENABLE_DEBUG_INFO = NO;
				MTL_FAST_MATH = YES;
				SWIFT_COMPILATION_MODE = wholemodule;
				SWIFT_OPTIMIZATION_LEVEL = "-O";
			};
			name = Release;
		};
		0BF21F3F2935824100979382 /* Debug */ = {
			isa = XCBuildConfiguration;
			buildSettings = {
				ASSETCATALOG_COMPILER_APPICON_NAME = AppIcon;
				ASSETCATALOG_COMPILER_GLOBAL_ACCENT_COLOR_NAME = AccentColor;
				CODE_SIGN_ENTITLEMENTS = "Me-Moji2/Me_Moji2.entitlements";
				CODE_SIGN_STYLE = Automatic;
				CURRENT_PROJECT_VERSION = 1;
				DEVELOPMENT_ASSET_PATHS = "\"Me-Moji2/Preview Content\"";
				ENABLE_PREVIEWS = YES;
				GENERATE_INFOPLIST_FILE = YES;
				"INFOPLIST_KEY_UIApplicationSceneManifest_Generation[sdk=iphoneos*]" = YES;
				"INFOPLIST_KEY_UIApplicationSceneManifest_Generation[sdk=iphonesimulator*]" = YES;
				"INFOPLIST_KEY_UIApplicationSupportsIndirectInputEvents[sdk=iphoneos*]" = YES;
				"INFOPLIST_KEY_UIApplicationSupportsIndirectInputEvents[sdk=iphonesimulator*]" = YES;
				"INFOPLIST_KEY_UILaunchScreen_Generation[sdk=iphoneos*]" = YES;
				"INFOPLIST_KEY_UILaunchScreen_Generation[sdk=iphonesimulator*]" = YES;
				"INFOPLIST_KEY_UIStatusBarStyle[sdk=iphoneos*]" = UIStatusBarStyleDefault;
				"INFOPLIST_KEY_UIStatusBarStyle[sdk=iphonesimulator*]" = UIStatusBarStyleDefault;
				INFOPLIST_KEY_UISupportedInterfaceOrientations_iPad = "UIInterfaceOrientationPortrait UIInterfaceOrientationPortraitUpsideDown UIInterfaceOrientationLandscapeLeft UIInterfaceOrientationLandscapeRight";
				INFOPLIST_KEY_UISupportedInterfaceOrientations_iPhone = "UIInterfaceOrientationPortrait UIInterfaceOrientationLandscapeLeft UIInterfaceOrientationLandscapeRight";
				IPHONEOS_DEPLOYMENT_TARGET = 15.0;
				LD_RUNPATH_SEARCH_PATHS = "@executable_path/Frameworks";
				"LD_RUNPATH_SEARCH_PATHS[sdk=macosx*]" = "@executable_path/../Frameworks";
				MACOSX_DEPLOYMENT_TARGET = 12.6;
				MARKETING_VERSION = 1.0;
				PRODUCT_BUNDLE_IDENTIFIER = "Brett.Me-Moji2";
				PRODUCT_NAME = "$(TARGET_NAME)";
				SDKROOT = auto;
				SUPPORTED_PLATFORMS = "iphoneos iphonesimulator macosx";
				SWIFT_EMIT_LOC_STRINGS = YES;
				SWIFT_VERSION = 5.0;
				TARGETED_DEVICE_FAMILY = "1,2";
			};
			name = Debug;
		};
		0BF21F402935824100979382 /* Release */ = {
			isa = XCBuildConfiguration;
			buildSettings = {
				ASSETCATALOG_COMPILER_APPICON_NAME = AppIcon;
				ASSETCATALOG_COMPILER_GLOBAL_ACCENT_COLOR_NAME = AccentColor;
				CODE_SIGN_ENTITLEMENTS = "Me-Moji2/Me_Moji2.entitlements";
				CODE_SIGN_STYLE = Automatic;
				CURRENT_PROJECT_VERSION = 1;
				DEVELOPMENT_ASSET_PATHS = "\"Me-Moji2/Preview Content\"";
				ENABLE_PREVIEWS = YES;
				GENERATE_INFOPLIST_FILE = YES;
				"INFOPLIST_KEY_UIApplicationSceneManifest_Generation[sdk=iphoneos*]" = YES;
				"INFOPLIST_KEY_UIApplicationSceneManifest_Generation[sdk=iphonesimulator*]" = YES;
				"INFOPLIST_KEY_UIApplicationSupportsIndirectInputEvents[sdk=iphoneos*]" = YES;
				"INFOPLIST_KEY_UIApplicationSupportsIndirectInputEvents[sdk=iphonesimulator*]" = YES;
				"INFOPLIST_KEY_UILaunchScreen_Generation[sdk=iphoneos*]" = YES;
				"INFOPLIST_KEY_UILaunchScreen_Generation[sdk=iphonesimulator*]" = YES;
				"INFOPLIST_KEY_UIStatusBarStyle[sdk=iphoneos*]" = UIStatusBarStyleDefault;
				"INFOPLIST_KEY_UIStatusBarStyle[sdk=iphonesimulator*]" = UIStatusBarStyleDefault;
				INFOPLIST_KEY_UISupportedInterfaceOrientations_iPad = "UIInterfaceOrientationPortrait UIInterfaceOrientationPortraitUpsideDown UIInterfaceOrientationLandscapeLeft UIInterfaceOrientationLandscapeRight";
				INFOPLIST_KEY_UISupportedInterfaceOrientations_iPhone = "UIInterfaceOrientationPortrait UIInterfaceOrientationLandscapeLeft UIInterfaceOrientationLandscapeRight";
				IPHONEOS_DEPLOYMENT_TARGET = 15.0;
				LD_RUNPATH_SEARCH_PATHS = "@executable_path/Frameworks";
				"LD_RUNPATH_SEARCH_PATHS[sdk=macosx*]" = "@executable_path/../Frameworks";
				MACOSX_DEPLOYMENT_TARGET = 12.6;
				MARKETING_VERSION = 1.0;
				PRODUCT_BUNDLE_IDENTIFIER = "Brett.Me-Moji2";
				PRODUCT_NAME = "$(TARGET_NAME)";
				SDKROOT = auto;
				SUPPORTED_PLATFORMS = "iphoneos iphonesimulator macosx";
				SWIFT_EMIT_LOC_STRINGS = YES;
				SWIFT_VERSION = 5.0;
				TARGETED_DEVICE_FAMILY = "1,2";
			};
			name = Release;
		};
		0BF21F422935824100979382 /* Debug */ = {
			isa = XCBuildConfiguration;
			buildSettings = {
				ALWAYS_EMBED_SWIFT_STANDARD_LIBRARIES = YES;
				BUNDLE_LOADER = "$(TEST_HOST)";
				CODE_SIGN_STYLE = Automatic;
				CURRENT_PROJECT_VERSION = 1;
				GENERATE_INFOPLIST_FILE = YES;
				IPHONEOS_DEPLOYMENT_TARGET = 15.0;
				MACOSX_DEPLOYMENT_TARGET = 12.6;
				MARKETING_VERSION = 1.0;
				PRODUCT_BUNDLE_IDENTIFIER = "Brett.Me-Moji2Tests";
				PRODUCT_NAME = "$(TARGET_NAME)";
				SDKROOT = auto;
				SUPPORTED_PLATFORMS = "iphoneos iphonesimulator macosx";
				SWIFT_EMIT_LOC_STRINGS = NO;
				SWIFT_VERSION = 5.0;
				TARGETED_DEVICE_FAMILY = "1,2";
				TEST_HOST = "$(BUILT_PRODUCTS_DIR)/Me-Moji2.app/$(BUNDLE_EXECUTABLE_FOLDER_PATH)/Me-Moji2";
			};
			name = Debug;
		};
		0BF21F432935824100979382 /* Release */ = {
			isa = XCBuildConfiguration;
			buildSettings = {
				ALWAYS_EMBED_SWIFT_STANDARD_LIBRARIES = YES;
				BUNDLE_LOADER = "$(TEST_HOST)";
				CODE_SIGN_STYLE = Automatic;
				CURRENT_PROJECT_VERSION = 1;
				GENERATE_INFOPLIST_FILE = YES;
				IPHONEOS_DEPLOYMENT_TARGET = 15.0;
				MACOSX_DEPLOYMENT_TARGET = 12.6;
				MARKETING_VERSION = 1.0;
				PRODUCT_BUNDLE_IDENTIFIER = "Brett.Me-Moji2Tests";
				PRODUCT_NAME = "$(TARGET_NAME)";
				SDKROOT = auto;
				SUPPORTED_PLATFORMS = "iphoneos iphonesimulator macosx";
				SWIFT_EMIT_LOC_STRINGS = NO;
				SWIFT_VERSION = 5.0;
				TARGETED_DEVICE_FAMILY = "1,2";
				TEST_HOST = "$(BUILT_PRODUCTS_DIR)/Me-Moji2.app/$(BUNDLE_EXECUTABLE_FOLDER_PATH)/Me-Moji2";
			};
			name = Release;
		};
		0BF21F452935824100979382 /* Debug */ = {
			isa = XCBuildConfiguration;
			buildSettings = {
				ALWAYS_EMBED_SWIFT_STANDARD_LIBRARIES = YES;
				CODE_SIGN_STYLE = Automatic;
				CURRENT_PROJECT_VERSION = 1;
				GENERATE_INFOPLIST_FILE = YES;
				IPHONEOS_DEPLOYMENT_TARGET = 15.0;
				MACOSX_DEPLOYMENT_TARGET = 12.6;
				MARKETING_VERSION = 1.0;
				PRODUCT_BUNDLE_IDENTIFIER = "Brett.Me-Moji2UITests";
				PRODUCT_NAME = "$(TARGET_NAME)";
				SDKROOT = auto;
				SUPPORTED_PLATFORMS = "iphoneos iphonesimulator macosx";
				SWIFT_EMIT_LOC_STRINGS = NO;
				SWIFT_VERSION = 5.0;
				TARGETED_DEVICE_FAMILY = "1,2";
				TEST_TARGET_NAME = "Me-Moji2";
			};
			name = Debug;
		};
		0BF21F462935824100979382 /* Release */ = {
			isa = XCBuildConfiguration;
			buildSettings = {
				ALWAYS_EMBED_SWIFT_STANDARD_LIBRARIES = YES;
				CODE_SIGN_STYLE = Automatic;
				CURRENT_PROJECT_VERSION = 1;
				GENERATE_INFOPLIST_FILE = YES;
				IPHONEOS_DEPLOYMENT_TARGET = 15.0;
				MACOSX_DEPLOYMENT_TARGET = 12.6;
				MARKETING_VERSION = 1.0;
				PRODUCT_BUNDLE_IDENTIFIER = "Brett.Me-Moji2UITests";
				PRODUCT_NAME = "$(TARGET_NAME)";
				SDKROOT = auto;
				SUPPORTED_PLATFORMS = "iphoneos iphonesimulator macosx";
				SWIFT_EMIT_LOC_STRINGS = NO;
				SWIFT_VERSION = 5.0;
				TARGETED_DEVICE_FAMILY = "1,2";
				TEST_TARGET_NAME = "Me-Moji2";
			};
			name = Release;
		};
/* End XCBuildConfiguration section */

/* Begin XCConfigurationList section */
		0BF21F142935823900979382 /* Build configuration list for PBXProject "Me-Moji2" */ = {
			isa = XCConfigurationList;
			buildConfigurations = (
				0BF21F3C2935824100979382 /* Debug */,
				0BF21F3D2935824100979382 /* Release */,
			);
			defaultConfigurationIsVisible = 0;
			defaultConfigurationName = Release;
		};
		0BF21F3E2935824100979382 /* Build configuration list for PBXNativeTarget "Me-Moji2" */ = {
			isa = XCConfigurationList;
			buildConfigurations = (
				0BF21F3F2935824100979382 /* Debug */,
				0BF21F402935824100979382 /* Release */,
			);
			defaultConfigurationIsVisible = 0;
			defaultConfigurationName = Release;
		};
		0BF21F412935824100979382 /* Build configuration list for PBXNativeTarget "Me-Moji2Tests" */ = {
			isa = XCConfigurationList;
			buildConfigurations = (
				0BF21F422935824100979382 /* Debug */,
				0BF21F432935824100979382 /* Release */,
			);
			defaultConfigurationIsVisible = 0;
			defaultConfigurationName = Release;
		};
		0BF21F442935824100979382 /* Build configuration list for PBXNativeTarget "Me-Moji2UITests" */ = {
			isa = XCConfigurationList;
			buildConfigurations = (
				0BF21F452935824100979382 /* Debug */,
				0BF21F462935824100979382 /* Release */,
			);
			defaultConfigurationIsVisible = 0;
			defaultConfigurationName = Release;
		};
/* End XCConfigurationList section */

/* Begin XCRemoteSwiftPackageReference section */
		0B5A3C4C293E849E00D9A127 /* XCRemoteSwiftPackageReference "firebase-ios-sdk" */ = {
			isa = XCRemoteSwiftPackageReference;
			repositoryURL = "https://github.com/firebase/firebase-ios-sdk";
			requirement = {
				kind = upToNextMajorVersion;
				minimumVersion = 9.0.0;
			};
		};
/* End XCRemoteSwiftPackageReference section */

/* Begin XCSwiftPackageProductDependency section */
		0B5A3C4D293E849E00D9A127 /* FirebaseAuth */ = {
			isa = XCSwiftPackageProductDependency;
			package = 0B5A3C4C293E849E00D9A127 /* XCRemoteSwiftPackageReference "firebase-ios-sdk" */;
			productName = FirebaseAuth;
		};
		0B5A3C4F293E849E00D9A127 /* FirebaseDatabase */ = {
			isa = XCSwiftPackageProductDependency;
			package = 0B5A3C4C293E849E00D9A127 /* XCRemoteSwiftPackageReference "firebase-ios-sdk" */;
			productName = FirebaseDatabase;
		};
		0B5A3C51293E849E00D9A127 /* FirebaseFirestore */ = {
			isa = XCSwiftPackageProductDependency;
			package = 0B5A3C4C293E849E00D9A127 /* XCRemoteSwiftPackageReference "firebase-ios-sdk" */;
			productName = FirebaseFirestore;
		};
/* End XCSwiftPackageProductDependency section */
	};
	rootObject = 0BF21F112935823900979382 /* Project object */;
}
