// !$*UTF8*$!
{
	archiveVersion = 1;
	classes = {
	};
	objectVersion = 56;
	objects = {

/* Begin PBXBuildFile section */
		0B045D60296B614800F55E17 /* Stripe in Frameworks */ = {isa = PBXBuildFile; productRef = 0B045D5F296B614800F55E17 /* Stripe */; };
		0B045D62296B614800F55E17 /* StripePaymentSheet in Frameworks */ = {isa = PBXBuildFile; productRef = 0B045D61296B614800F55E17 /* StripePaymentSheet */; };
		0B045D64296B614800F55E17 /* StripePayments in Frameworks */ = {isa = PBXBuildFile; productRef = 0B045D63296B614800F55E17 /* StripePayments */; };
		0B045D66296B614900F55E17 /* StripePaymentsUI in Frameworks */ = {isa = PBXBuildFile; productRef = 0B045D65296B614900F55E17 /* StripePaymentsUI */; };
		0B3B8F48294930F0005D0A0E /* CartView.swift in Sources */ = {isa = PBXBuildFile; fileRef = 0B3B8F47294930EF005D0A0E /* CartView.swift */; };
		0B3B8F4A2949E946005D0A0E /* CartRow.swift in Sources */ = {isa = PBXBuildFile; fileRef = 0B3B8F492949E946005D0A0E /* CartRow.swift */; };
		0B3CFEEF29D4557100A43FE9 /* ErrorView.swift in Sources */ = {isa = PBXBuildFile; fileRef = 0B3CFEEE29D4557100A43FE9 /* ErrorView.swift */; };
		0B5A3C5429413CF200D9A127 /* Model.swift in Sources */ = {isa = PBXBuildFile; fileRef = 0B5A3C5329413CF200D9A127 /* Model.swift */; };
		0B5A3C562942100100D9A127 /* CardDetailView.swift in Sources */ = {isa = PBXBuildFile; fileRef = 0B5A3C552942100100D9A127 /* CardDetailView.swift */; };
		0B6DBD752954821D00B05B17 /* CardWordCustomization.swift in Sources */ = {isa = PBXBuildFile; fileRef = 0B6DBD742954821D00B05B17 /* CardWordCustomization.swift */; };
		0B7E7773293A24F900C47D6A /* LoginView.swift in Sources */ = {isa = PBXBuildFile; fileRef = 0B7E7772293A24F900C47D6A /* LoginView.swift */; };
		0B88B3D9293D21E0001BDBBD /* ContentModel.swift in Sources */ = {isa = PBXBuildFile; fileRef = 0B88B3D8293D21E0001BDBBD /* ContentModel.swift */; };
		0B88B3DB293D2CE4001BDBBD /* NewAccountView.swift in Sources */ = {isa = PBXBuildFile; fileRef = 0B88B3DA293D2CE4001BDBBD /* NewAccountView.swift */; };
		0B88B3DE293D33A3001BDBBD /* CardChoice.swift in Sources */ = {isa = PBXBuildFile; fileRef = 0B88B3DD293D33A3001BDBBD /* CardChoice.swift */; };
		0B88B3E0293E2074001BDBBD /* GoogleService-Info.plist in Resources */ = {isa = PBXBuildFile; fileRef = 0B88B3DF293E2074001BDBBD /* GoogleService-Info.plist */; };
		0B88B3E1293E2074001BDBBD /* GoogleService-Info.plist in Resources */ = {isa = PBXBuildFile; fileRef = 0B88B3DF293E2074001BDBBD /* GoogleService-Info.plist */; };
		0B88B3E2293E2074001BDBBD /* GoogleService-Info.plist in Resources */ = {isa = PBXBuildFile; fileRef = 0B88B3DF293E2074001BDBBD /* GoogleService-Info.plist */; };
		0B8EFCFD29606E1F00880EE9 /* AddressView.swift in Sources */ = {isa = PBXBuildFile; fileRef = 0B8EFCFC29606E1F00880EE9 /* AddressView.swift */; };
		0B9E115429912CB0006830A4 /* StripeAPI.swift in Sources */ = {isa = PBXBuildFile; fileRef = 0B9E115329912CB0006830A4 /* StripeAPI.swift */; };
		0B9E115629912D41006830A4 /* StripeViews.swift in Sources */ = {isa = PBXBuildFile; fileRef = 0B9E115529912D41006830A4 /* StripeViews.swift */; };
		0BB06E082936E4A100599D68 /* ItemDisplayView.swift in Sources */ = {isa = PBXBuildFile; fileRef = 0BB06E072936E4A100599D68 /* ItemDisplayView.swift */; };
		0BCD1F3F293B7CA0001F83F7 /* ForgotPasword.swift in Sources */ = {isa = PBXBuildFile; fileRef = 0BCD1F3E293B7CA0001F83F7 /* ForgotPasword.swift */; };
		0BCD1F42293B7D6C001F83F7 /* Button.Shapes.swift in Sources */ = {isa = PBXBuildFile; fileRef = 0BCD1F41293B7D6C001F83F7 /* Button.Shapes.swift */; };
		0BE6739229AE2E650061971C /* CartView - Stripe.swift in Sources */ = {isa = PBXBuildFile; fileRef = 0BE6739129AE2E650061971C /* CartView - Stripe.swift */; };
		0BF21F1D2935823A00979382 /* Me_Moji2App.swift in Sources */ = {isa = PBXBuildFile; fileRef = 0BF21F1C2935823A00979382 /* Me_Moji2App.swift */; };
		0BF21F1F2935823A00979382 /* LaunchView.swift in Sources */ = {isa = PBXBuildFile; fileRef = 0BF21F1E2935823A00979382 /* LaunchView.swift */; };
		0BF21F212935824000979382 /* Assets.xcassets in Resources */ = {isa = PBXBuildFile; fileRef = 0BF21F202935824000979382 /* Assets.xcassets */; };
		0BF21F252935824000979382 /* Preview Assets.xcassets in Resources */ = {isa = PBXBuildFile; fileRef = 0BF21F242935824000979382 /* Preview Assets.xcassets */; };
		0BF21F2F2935824100979382 /* Me_Moji2Tests.swift in Sources */ = {isa = PBXBuildFile; fileRef = 0BF21F2E2935824100979382 /* Me_Moji2Tests.swift */; };
		0BF21F392935824100979382 /* Me_Moji2UITests.swift in Sources */ = {isa = PBXBuildFile; fileRef = 0BF21F382935824100979382 /* Me_Moji2UITests.swift */; };
		0BF21F3B2935824100979382 /* Me_Moji2UITestsLaunchTests.swift in Sources */ = {isa = PBXBuildFile; fileRef = 0BF21F3A2935824100979382 /* Me_Moji2UITestsLaunchTests.swift */; };
		0BF21F4B293582D700979382 /* FaceDisplayView.swift in Sources */ = {isa = PBXBuildFile; fileRef = 0BF21F4A293582D700979382 /* FaceDisplayView.swift */; };
		0BF21F4D2935846900979382 /* CustomizationView.swift in Sources */ = {isa = PBXBuildFile; fileRef = 0BF21F4C2935846900979382 /* CustomizationView.swift */; };
		0BF2271C29E2E31700F739BA /* FacebookModel.swift in Sources */ = {isa = PBXBuildFile; fileRef = 0BF2271B29E2E31700F739BA /* FacebookModel.swift */; };
		0BFEE9D529A3D6D6003539D8 /* StripeBackend.swift in Sources */ = {isa = PBXBuildFile; fileRef = 0BFEE9D429A3D6D6003539D8 /* StripeBackend.swift */; };
		8A77295C2CCF6AEA02EC49D5 /* Pods_Me_Moji2_Me_Moji2UITests.framework in Frameworks */ = {isa = PBXBuildFile; fileRef = F10BCDF68B19DA624532E79A /* Pods_Me_Moji2_Me_Moji2UITests.framework */; };
		A41DAACCC3971CABB30041FB /* Pods_Me_Moji2Tests.framework in Frameworks */ = {isa = PBXBuildFile; fileRef = 99B0E4A7AC57F941C8DD4CFC /* Pods_Me_Moji2Tests.framework */; };
		A478277613538A3C1F226E1A /* Pods_Me_Moji2.framework in Frameworks */ = {isa = PBXBuildFile; fileRef = EB17067ED4C95782A777BB10 /* Pods_Me_Moji2.framework */; };
/* End PBXBuildFile section */

/* Begin PBXContainerItemProxy section */
		0BF21F2B2935824100979382 /* PBXContainerItemProxy */ = {
			isa = PBXContainerItemProxy;
			containerPortal = 0BF21F112935823900979382 /* Project object */;
			proxyType = 1;
			remoteGlobalIDString = 0BF21F182935823A00979382;
			remoteInfo = "Me-Moji2";
		};
		0BF21F352935824100979382 /* PBXContainerItemProxy */ = {
			isa = PBXContainerItemProxy;
			containerPortal = 0BF21F112935823900979382 /* Project object */;
			proxyType = 1;
			remoteGlobalIDString = 0BF21F182935823A00979382;
			remoteInfo = "Me-Moji2";
		};
/* End PBXContainerItemProxy section */

/* Begin PBXFileReference section */
		0B3B8F47294930EF005D0A0E /* CartView.swift */ = {isa = PBXFileReference; lastKnownFileType = sourcecode.swift; path = CartView.swift; sourceTree = "<group>"; };
		0B3B8F492949E946005D0A0E /* CartRow.swift */ = {isa = PBXFileReference; lastKnownFileType = sourcecode.swift; path = CartRow.swift; sourceTree = "<group>"; };
		0B3CFEEE29D4557100A43FE9 /* ErrorView.swift */ = {isa = PBXFileReference; lastKnownFileType = sourcecode.swift; path = ErrorView.swift; sourceTree = "<group>"; };
		0B5A3C5329413CF200D9A127 /* Model.swift */ = {isa = PBXFileReference; lastKnownFileType = sourcecode.swift; path = Model.swift; sourceTree = "<group>"; };
		0B5A3C552942100100D9A127 /* CardDetailView.swift */ = {isa = PBXFileReference; lastKnownFileType = sourcecode.swift; path = CardDetailView.swift; sourceTree = "<group>"; };
		0B6DBD742954821D00B05B17 /* CardWordCustomization.swift */ = {isa = PBXFileReference; lastKnownFileType = sourcecode.swift; path = CardWordCustomization.swift; sourceTree = "<group>"; };
		0B7E7772293A24F900C47D6A /* LoginView.swift */ = {isa = PBXFileReference; lastKnownFileType = sourcecode.swift; path = LoginView.swift; sourceTree = "<group>"; };
		0B88B3D8293D21E0001BDBBD /* ContentModel.swift */ = {isa = PBXFileReference; lastKnownFileType = sourcecode.swift; path = ContentModel.swift; sourceTree = "<group>"; };
		0B88B3DA293D2CE4001BDBBD /* NewAccountView.swift */ = {isa = PBXFileReference; lastKnownFileType = sourcecode.swift; path = NewAccountView.swift; sourceTree = "<group>"; };
		0B88B3DD293D33A3001BDBBD /* CardChoice.swift */ = {isa = PBXFileReference; lastKnownFileType = sourcecode.swift; path = CardChoice.swift; sourceTree = "<group>"; };
		0B88B3DF293E2074001BDBBD /* GoogleService-Info.plist */ = {isa = PBXFileReference; fileEncoding = 4; lastKnownFileType = text.plist.xml; path = "GoogleService-Info.plist"; sourceTree = "<group>"; };
		0B8EFCFC29606E1F00880EE9 /* AddressView.swift */ = {isa = PBXFileReference; lastKnownFileType = sourcecode.swift; path = AddressView.swift; sourceTree = "<group>"; };
		0B9E115329912CB0006830A4 /* StripeAPI.swift */ = {isa = PBXFileReference; lastKnownFileType = sourcecode.swift; path = StripeAPI.swift; sourceTree = "<group>"; };
		0B9E115529912D41006830A4 /* StripeViews.swift */ = {isa = PBXFileReference; lastKnownFileType = sourcecode.swift; path = StripeViews.swift; sourceTree = "<group>"; };
		0BB06E072936E4A100599D68 /* ItemDisplayView.swift */ = {isa = PBXFileReference; lastKnownFileType = sourcecode.swift; path = ItemDisplayView.swift; sourceTree = "<group>"; };
		0BB4307829E5953B0037ABF6 /* Info.plist */ = {isa = PBXFileReference; lastKnownFileType = text.plist; path = Info.plist; sourceTree = "<group>"; };
		0BCD1F3E293B7CA0001F83F7 /* ForgotPasword.swift */ = {isa = PBXFileReference; lastKnownFileType = sourcecode.swift; path = ForgotPasword.swift; sourceTree = "<group>"; };
		0BCD1F41293B7D6C001F83F7 /* Button.Shapes.swift */ = {isa = PBXFileReference; lastKnownFileType = sourcecode.swift; path = Button.Shapes.swift; sourceTree = "<group>"; };
		0BE6739129AE2E650061971C /* CartView - Stripe.swift */ = {isa = PBXFileReference; lastKnownFileType = sourcecode.swift; path = "CartView - Stripe.swift"; sourceTree = "<group>"; };
		0BF21F192935823A00979382 /* Me-Moji2.app */ = {isa = PBXFileReference; explicitFileType = wrapper.application; includeInIndex = 0; path = "Me-Moji2.app"; sourceTree = BUILT_PRODUCTS_DIR; };
		0BF21F1C2935823A00979382 /* Me_Moji2App.swift */ = {isa = PBXFileReference; lastKnownFileType = sourcecode.swift; path = Me_Moji2App.swift; sourceTree = "<group>"; };
		0BF21F1E2935823A00979382 /* LaunchView.swift */ = {isa = PBXFileReference; lastKnownFileType = sourcecode.swift; path = LaunchView.swift; sourceTree = "<group>"; };
		0BF21F202935824000979382 /* Assets.xcassets */ = {isa = PBXFileReference; lastKnownFileType = folder.assetcatalog; path = Assets.xcassets; sourceTree = "<group>"; };
		0BF21F222935824000979382 /* Me_Moji2.entitlements */ = {isa = PBXFileReference; lastKnownFileType = text.plist.entitlements; path = Me_Moji2.entitlements; sourceTree = "<group>"; };
		0BF21F242935824000979382 /* Preview Assets.xcassets */ = {isa = PBXFileReference; lastKnownFileType = folder.assetcatalog; path = "Preview Assets.xcassets"; sourceTree = "<group>"; };
		0BF21F2A2935824100979382 /* Me-Moji2Tests.xctest */ = {isa = PBXFileReference; explicitFileType = wrapper.cfbundle; includeInIndex = 0; path = "Me-Moji2Tests.xctest"; sourceTree = BUILT_PRODUCTS_DIR; };
		0BF21F2E2935824100979382 /* Me_Moji2Tests.swift */ = {isa = PBXFileReference; lastKnownFileType = sourcecode.swift; path = Me_Moji2Tests.swift; sourceTree = "<group>"; };
		0BF21F342935824100979382 /* Me-Moji2UITests.xctest */ = {isa = PBXFileReference; explicitFileType = wrapper.cfbundle; includeInIndex = 0; path = "Me-Moji2UITests.xctest"; sourceTree = BUILT_PRODUCTS_DIR; };
		0BF21F382935824100979382 /* Me_Moji2UITests.swift */ = {isa = PBXFileReference; lastKnownFileType = sourcecode.swift; path = Me_Moji2UITests.swift; sourceTree = "<group>"; };
		0BF21F3A2935824100979382 /* Me_Moji2UITestsLaunchTests.swift */ = {isa = PBXFileReference; lastKnownFileType = sourcecode.swift; path = Me_Moji2UITestsLaunchTests.swift; sourceTree = "<group>"; };
		0BF21F4A293582D700979382 /* FaceDisplayView.swift */ = {isa = PBXFileReference; lastKnownFileType = sourcecode.swift; path = FaceDisplayView.swift; sourceTree = "<group>"; };
		0BF21F4C2935846900979382 /* CustomizationView.swift */ = {isa = PBXFileReference; lastKnownFileType = sourcecode.swift; path = CustomizationView.swift; sourceTree = "<group>"; };
		0BF2271B29E2E31700F739BA /* FacebookModel.swift */ = {isa = PBXFileReference; lastKnownFileType = sourcecode.swift; path = FacebookModel.swift; sourceTree = "<group>"; };
		0BFEE9D429A3D6D6003539D8 /* StripeBackend.swift */ = {isa = PBXFileReference; lastKnownFileType = sourcecode.swift; path = StripeBackend.swift; sourceTree = "<group>"; };
		3B4EC332065B3DE04A065D22 /* Pods-Me-Moji2-Me-Moji2UITests.release.xcconfig */ = {isa = PBXFileReference; includeInIndex = 1; lastKnownFileType = text.xcconfig; name = "Pods-Me-Moji2-Me-Moji2UITests.release.xcconfig"; path = "Target Support Files/Pods-Me-Moji2-Me-Moji2UITests/Pods-Me-Moji2-Me-Moji2UITests.release.xcconfig"; sourceTree = "<group>"; };
		639B897C39882319E7ED7456 /* Pods-Me-Moji2Tests.release.xcconfig */ = {isa = PBXFileReference; includeInIndex = 1; lastKnownFileType = text.xcconfig; name = "Pods-Me-Moji2Tests.release.xcconfig"; path = "Target Support Files/Pods-Me-Moji2Tests/Pods-Me-Moji2Tests.release.xcconfig"; sourceTree = "<group>"; };
		77B1AFAA0A62877EC9279FF5 /* Pods-Me-Moji2.release.xcconfig */ = {isa = PBXFileReference; includeInIndex = 1; lastKnownFileType = text.xcconfig; name = "Pods-Me-Moji2.release.xcconfig"; path = "Target Support Files/Pods-Me-Moji2/Pods-Me-Moji2.release.xcconfig"; sourceTree = "<group>"; };
		7B60786F7F333418B636339A /* Pods-Me-Moji2-Me-Moji2UITests.debug.xcconfig */ = {isa = PBXFileReference; includeInIndex = 1; lastKnownFileType = text.xcconfig; name = "Pods-Me-Moji2-Me-Moji2UITests.debug.xcconfig"; path = "Target Support Files/Pods-Me-Moji2-Me-Moji2UITests/Pods-Me-Moji2-Me-Moji2UITests.debug.xcconfig"; sourceTree = "<group>"; };
		8ABD545BBF091C1AC39F70A6 /* Pods-Me-Moji2Tests.debug.xcconfig */ = {isa = PBXFileReference; includeInIndex = 1; lastKnownFileType = text.xcconfig; name = "Pods-Me-Moji2Tests.debug.xcconfig"; path = "Target Support Files/Pods-Me-Moji2Tests/Pods-Me-Moji2Tests.debug.xcconfig"; sourceTree = "<group>"; };
		99B0E4A7AC57F941C8DD4CFC /* Pods_Me_Moji2Tests.framework */ = {isa = PBXFileReference; explicitFileType = wrapper.framework; includeInIndex = 0; path = Pods_Me_Moji2Tests.framework; sourceTree = BUILT_PRODUCTS_DIR; };
		A4894EBFCD0CC2DD8B60C2AE /* Pods-Me-Moji2.debug.xcconfig */ = {isa = PBXFileReference; includeInIndex = 1; lastKnownFileType = text.xcconfig; name = "Pods-Me-Moji2.debug.xcconfig"; path = "Target Support Files/Pods-Me-Moji2/Pods-Me-Moji2.debug.xcconfig"; sourceTree = "<group>"; };
		EB17067ED4C95782A777BB10 /* Pods_Me_Moji2.framework */ = {isa = PBXFileReference; explicitFileType = wrapper.framework; includeInIndex = 0; path = Pods_Me_Moji2.framework; sourceTree = BUILT_PRODUCTS_DIR; };
		F10BCDF68B19DA624532E79A /* Pods_Me_Moji2_Me_Moji2UITests.framework */ = {isa = PBXFileReference; explicitFileType = wrapper.framework; includeInIndex = 0; path = Pods_Me_Moji2_Me_Moji2UITests.framework; sourceTree = BUILT_PRODUCTS_DIR; };
/* End PBXFileReference section */

/* Begin PBXFrameworksBuildPhase section */
		0BF21F162935823A00979382 /* Frameworks */ = {
			isa = PBXFrameworksBuildPhase;
			buildActionMask = 2147483647;
			files = (
				0B045D64296B614800F55E17 /* StripePayments in Frameworks */,
				0B045D60296B614800F55E17 /* Stripe in Frameworks */,
				0B045D66296B614900F55E17 /* StripePaymentsUI in Frameworks */,
				0B045D62296B614800F55E17 /* StripePaymentSheet in Frameworks */,
				A478277613538A3C1F226E1A /* Pods_Me_Moji2.framework in Frameworks */,
			);
			runOnlyForDeploymentPostprocessing = 0;
		};
		0BF21F272935824100979382 /* Frameworks */ = {
			isa = PBXFrameworksBuildPhase;
			buildActionMask = 2147483647;
			files = (
				A41DAACCC3971CABB30041FB /* Pods_Me_Moji2Tests.framework in Frameworks */,
			);
			runOnlyForDeploymentPostprocessing = 0;
		};
		0BF21F312935824100979382 /* Frameworks */ = {
			isa = PBXFrameworksBuildPhase;
			buildActionMask = 2147483647;
			files = (
				8A77295C2CCF6AEA02EC49D5 /* Pods_Me_Moji2_Me_Moji2UITests.framework in Frameworks */,
			);
			runOnlyForDeploymentPostprocessing = 0;
		};
/* End PBXFrameworksBuildPhase section */

/* Begin PBXGroup section */
		0B3B8F46294930D3005D0A0E /* Cart */ = {
			isa = PBXGroup;
			children = (
				0B3B8F47294930EF005D0A0E /* CartView.swift */,
				0B3B8F492949E946005D0A0E /* CartRow.swift */,
				0B8EFCFC29606E1F00880EE9 /* AddressView.swift */,
				0B9E115329912CB0006830A4 /* StripeAPI.swift */,
				0B9E115529912D41006830A4 /* StripeViews.swift */,
				0BE6739129AE2E650061971C /* CartView - Stripe.swift */,
			);
			path = Cart;
			sourceTree = "<group>";
		};
		0B6DBD73295481C900B05B17 /* Card Customization */ = {
			isa = PBXGroup;
			children = (
				0B6DBD742954821D00B05B17 /* CardWordCustomization.swift */,
			);
			path = "Card Customization";
			sourceTree = "<group>";
		};
		0B7E7770293A24D600C47D6A /* Login */ = {
			isa = PBXGroup;
			children = (
				0B7E7772293A24F900C47D6A /* LoginView.swift */,
				0BCD1F3E293B7CA0001F83F7 /* ForgotPasword.swift */,
				0B88B3DA293D2CE4001BDBBD /* NewAccountView.swift */,
				0B3CFEEE29D4557100A43FE9 /* ErrorView.swift */,
			);
			path = Login;
			sourceTree = "<group>";
		};
		0B7E7771293A24DC00C47D6A /* Customization */ = {
			isa = PBXGroup;
			children = (
				0BF21F4C2935846900979382 /* CustomizationView.swift */,
				0BF21F4A293582D700979382 /* FaceDisplayView.swift */,
				0BB06E072936E4A100599D68 /* ItemDisplayView.swift */,
			);
			path = Customization;
			sourceTree = "<group>";
		};
		0B88B3DC293D338B001BDBBD /* CardChoice */ = {
			isa = PBXGroup;
			children = (
				0B88B3DD293D33A3001BDBBD /* CardChoice.swift */,
				0B5A3C552942100100D9A127 /* CardDetailView.swift */,
			);
			path = CardChoice;
			sourceTree = "<group>";
		};
		0BCD1F40293B7D3B001F83F7 /* Shapes.Reusables */ = {
			isa = PBXGroup;
			children = (
				0BCD1F41293B7D6C001F83F7 /* Button.Shapes.swift */,
			);
			path = Shapes.Reusables;
			sourceTree = "<group>";
		};
		0BF21F102935823900979382 = {
			isa = PBXGroup;
			children = (
				0B88B3DF293E2074001BDBBD /* GoogleService-Info.plist */,
				0BF21F1B2935823A00979382 /* Me-Moji2 */,
				0BF21F2D2935824100979382 /* Me-Moji2Tests */,
				0BF21F372935824100979382 /* Me-Moji2UITests */,
				0BF21F1A2935823A00979382 /* Products */,
				C25BA80887B1DA2F8FB3589E /* Pods */,
				44A67B2187DD3B7422EC9081 /* Frameworks */,
			);
			sourceTree = "<group>";
		};
		0BF21F1A2935823A00979382 /* Products */ = {
			isa = PBXGroup;
			children = (
				0BF21F192935823A00979382 /* Me-Moji2.app */,
				0BF21F2A2935824100979382 /* Me-Moji2Tests.xctest */,
				0BF21F342935824100979382 /* Me-Moji2UITests.xctest */,
			);
			name = Products;
			sourceTree = "<group>";
		};
		0BF21F1B2935823A00979382 /* Me-Moji2 */ = {
			isa = PBXGroup;
			children = (
				0BB4307829E5953B0037ABF6 /* Info.plist */,
				0BF21F1C2935823A00979382 /* Me_Moji2App.swift */,
				0BF21F472935824B00979382 /* View */,
				0BF21F482935825200979382 /* View Model */,
				0BF21F492935825D00979382 /* Model */,
				0BF21F202935824000979382 /* Assets.xcassets */,
				0BF21F222935824000979382 /* Me_Moji2.entitlements */,
				0BF21F232935824000979382 /* Preview Content */,
			);
			path = "Me-Moji2";
			sourceTree = "<group>";
		};
		0BF21F232935824000979382 /* Preview Content */ = {
			isa = PBXGroup;
			children = (
				0BF21F242935824000979382 /* Preview Assets.xcassets */,
			);
			path = "Preview Content";
			sourceTree = "<group>";
		};
		0BF21F2D2935824100979382 /* Me-Moji2Tests */ = {
			isa = PBXGroup;
			children = (
				0BF21F2E2935824100979382 /* Me_Moji2Tests.swift */,
			);
			path = "Me-Moji2Tests";
			sourceTree = "<group>";
		};
		0BF21F372935824100979382 /* Me-Moji2UITests */ = {
			isa = PBXGroup;
			children = (
				0BF21F382935824100979382 /* Me_Moji2UITests.swift */,
				0BF21F3A2935824100979382 /* Me_Moji2UITestsLaunchTests.swift */,
			);
			path = "Me-Moji2UITests";
			sourceTree = "<group>";
		};
		0BF21F472935824B00979382 /* View */ = {
			isa = PBXGroup;
			children = (
				0BF21F1E2935823A00979382 /* LaunchView.swift */,
				0B7E7770293A24D600C47D6A /* Login */,
				0B7E7771293A24DC00C47D6A /* Customization */,
				0B88B3DC293D338B001BDBBD /* CardChoice */,
				0B6DBD73295481C900B05B17 /* Card Customization */,
				0B3B8F46294930D3005D0A0E /* Cart */,
				0BCD1F40293B7D3B001F83F7 /* Shapes.Reusables */,
			);
			path = View;
			sourceTree = "<group>";
		};
		0BF21F482935825200979382 /* View Model */ = {
			isa = PBXGroup;
			children = (
				0B88B3D8293D21E0001BDBBD /* ContentModel.swift */,
				0BFEE9D429A3D6D6003539D8 /* StripeBackend.swift */,
				0BF2271B29E2E31700F739BA /* FacebookModel.swift */,
			);
			path = "View Model";
			sourceTree = "<group>";
		};
		0BF21F492935825D00979382 /* Model */ = {
			isa = PBXGroup;
			children = (
				0B5A3C5329413CF200D9A127 /* Model.swift */,
			);
			path = Model;
			sourceTree = "<group>";
		};
		44A67B2187DD3B7422EC9081 /* Frameworks */ = {
			isa = PBXGroup;
			children = (
				EB17067ED4C95782A777BB10 /* Pods_Me_Moji2.framework */,
				F10BCDF68B19DA624532E79A /* Pods_Me_Moji2_Me_Moji2UITests.framework */,
				99B0E4A7AC57F941C8DD4CFC /* Pods_Me_Moji2Tests.framework */,
			);
			name = Frameworks;
			sourceTree = "<group>";
		};
		C25BA80887B1DA2F8FB3589E /* Pods */ = {
			isa = PBXGroup;
			children = (
				A4894EBFCD0CC2DD8B60C2AE /* Pods-Me-Moji2.debug.xcconfig */,
				77B1AFAA0A62877EC9279FF5 /* Pods-Me-Moji2.release.xcconfig */,
				7B60786F7F333418B636339A /* Pods-Me-Moji2-Me-Moji2UITests.debug.xcconfig */,
				3B4EC332065B3DE04A065D22 /* Pods-Me-Moji2-Me-Moji2UITests.release.xcconfig */,
				8ABD545BBF091C1AC39F70A6 /* Pods-Me-Moji2Tests.debug.xcconfig */,
				639B897C39882319E7ED7456 /* Pods-Me-Moji2Tests.release.xcconfig */,
			);
			path = Pods;
			sourceTree = "<group>";
		};
/* End PBXGroup section */

/* Begin PBXNativeTarget section */
		0BF21F182935823A00979382 /* Me-Moji2 */ = {
			isa = PBXNativeTarget;
			buildConfigurationList = 0BF21F3E2935824100979382 /* Build configuration list for PBXNativeTarget "Me-Moji2" */;
			buildPhases = (
				77CBF7954C7DD753632C4474 /* [CP] Check Pods Manifest.lock */,
				0BF21F152935823A00979382 /* Sources */,
				0BF21F162935823A00979382 /* Frameworks */,
				0BF21F172935823A00979382 /* Resources */,
				31E8AD30C09E4D72E9757D86 /* [CP] Embed Pods Frameworks */,
			);
			buildRules = (
			);
			dependencies = (
			);
			name = "Me-Moji2";
			packageProductDependencies = (
				0B045D5F296B614800F55E17 /* Stripe */,
				0B045D61296B614800F55E17 /* StripePaymentSheet */,
				0B045D63296B614800F55E17 /* StripePayments */,
				0B045D65296B614900F55E17 /* StripePaymentsUI */,
			);
			productName = "Me-Moji2";
			productReference = 0BF21F192935823A00979382 /* Me-Moji2.app */;
			productType = "com.apple.product-type.application";
		};
		0BF21F292935824100979382 /* Me-Moji2Tests */ = {
			isa = PBXNativeTarget;
			buildConfigurationList = 0BF21F412935824100979382 /* Build configuration list for PBXNativeTarget "Me-Moji2Tests" */;
			buildPhases = (
				694FA6D132DAE330A09C291B /* [CP] Check Pods Manifest.lock */,
				0BF21F262935824100979382 /* Sources */,
				0BF21F272935824100979382 /* Frameworks */,
				0BF21F282935824100979382 /* Resources */,
			);
			buildRules = (
			);
			dependencies = (
				0BF21F2C2935824100979382 /* PBXTargetDependency */,
			);
			name = "Me-Moji2Tests";
			productName = "Me-Moji2Tests";
			productReference = 0BF21F2A2935824100979382 /* Me-Moji2Tests.xctest */;
			productType = "com.apple.product-type.bundle.unit-test";
		};
		0BF21F332935824100979382 /* Me-Moji2UITests */ = {
			isa = PBXNativeTarget;
			buildConfigurationList = 0BF21F442935824100979382 /* Build configuration list for PBXNativeTarget "Me-Moji2UITests" */;
			buildPhases = (
				AC09223F1138AF52BCBAC62B /* [CP] Check Pods Manifest.lock */,
				0BF21F302935824100979382 /* Sources */,
				0BF21F312935824100979382 /* Frameworks */,
				0BF21F322935824100979382 /* Resources */,
				6B033B4861FE69E64E66CC22 /* [CP] Embed Pods Frameworks */,
			);
			buildRules = (
			);
			dependencies = (
				0BF21F362935824100979382 /* PBXTargetDependency */,
			);
			name = "Me-Moji2UITests";
			productName = "Me-Moji2UITests";
			productReference = 0BF21F342935824100979382 /* Me-Moji2UITests.xctest */;
			productType = "com.apple.product-type.bundle.ui-testing";
		};
/* End PBXNativeTarget section */

/* Begin PBXProject section */
		0BF21F112935823900979382 /* Project object */ = {
			isa = PBXProject;
			attributes = {
				BuildIndependentTargetsInParallel = 1;
				LastSwiftUpdateCheck = 1410;
				LastUpgradeCheck = 1420;
				TargetAttributes = {
					0BF21F182935823A00979382 = {
						CreatedOnToolsVersion = 14.1;
					};
					0BF21F292935824100979382 = {
						CreatedOnToolsVersion = 14.1;
						TestTargetID = 0BF21F182935823A00979382;
					};
					0BF21F332935824100979382 = {
						CreatedOnToolsVersion = 14.1;
						TestTargetID = 0BF21F182935823A00979382;
					};
				};
			};
			buildConfigurationList = 0BF21F142935823900979382 /* Build configuration list for PBXProject "Me-Moji2" */;
			compatibilityVersion = "Xcode 14.0";
			developmentRegion = en;
			hasScannedForEncodings = 0;
			knownRegions = (
				en,
				Base,
			);
			mainGroup = 0BF21F102935823900979382;
			packageReferences = (
				0B045D5E296B614800F55E17 /* XCRemoteSwiftPackageReference "stripe-ios-spm" */,
			);
			productRefGroup = 0BF21F1A2935823A00979382 /* Products */;
			projectDirPath = "";
			projectRoot = "";
			targets = (
				0BF21F182935823A00979382 /* Me-Moji2 */,
				0BF21F292935824100979382 /* Me-Moji2Tests */,
				0BF21F332935824100979382 /* Me-Moji2UITests */,
			);
		};
/* End PBXProject section */

/* Begin PBXResourcesBuildPhase section */
		0BF21F172935823A00979382 /* Resources */ = {
			isa = PBXResourcesBuildPhase;
			buildActionMask = 2147483647;
			files = (
				0BF21F252935824000979382 /* Preview Assets.xcassets in Resources */,
				0BF21F212935824000979382 /* Assets.xcassets in Resources */,
				0B88B3E0293E2074001BDBBD /* GoogleService-Info.plist in Resources */,
			);
			runOnlyForDeploymentPostprocessing = 0;
		};
		0BF21F282935824100979382 /* Resources */ = {
			isa = PBXResourcesBuildPhase;
			buildActionMask = 2147483647;
			files = (
				0B88B3E1293E2074001BDBBD /* GoogleService-Info.plist in Resources */,
			);
			runOnlyForDeploymentPostprocessing = 0;
		};
		0BF21F322935824100979382 /* Resources */ = {
			isa = PBXResourcesBuildPhase;
			buildActionMask = 2147483647;
			files = (
				0B88B3E2293E2074001BDBBD /* GoogleService-Info.plist in Resources */,
			);
			runOnlyForDeploymentPostprocessing = 0;
		};
/* End PBXResourcesBuildPhase section */

/* Begin PBXShellScriptBuildPhase section */
		31E8AD30C09E4D72E9757D86 /* [CP] Embed Pods Frameworks */ = {
			isa = PBXShellScriptBuildPhase;
			buildActionMask = 2147483647;
			files = (
			);
			inputFileListPaths = (
				"${PODS_ROOT}/Target Support Files/Pods-Me-Moji2/Pods-Me-Moji2-frameworks-${CONFIGURATION}-input-files.xcfilelist",
			);
			name = "[CP] Embed Pods Frameworks";
			outputFileListPaths = (
				"${PODS_ROOT}/Target Support Files/Pods-Me-Moji2/Pods-Me-Moji2-frameworks-${CONFIGURATION}-output-files.xcfilelist",
			);
			runOnlyForDeploymentPostprocessing = 0;
			shellPath = /bin/sh;
			shellScript = "\"${PODS_ROOT}/Target Support Files/Pods-Me-Moji2/Pods-Me-Moji2-frameworks.sh\"\n";
			showEnvVarsInLog = 0;
		};
		694FA6D132DAE330A09C291B /* [CP] Check Pods Manifest.lock */ = {
			isa = PBXShellScriptBuildPhase;
			buildActionMask = 2147483647;
			files = (
			);
			inputFileListPaths = (
			);
			inputPaths = (
				"${PODS_PODFILE_DIR_PATH}/Podfile.lock",
				"${PODS_ROOT}/Manifest.lock",
			);
			name = "[CP] Check Pods Manifest.lock";
			outputFileListPaths = (
			);
			outputPaths = (
				"$(DERIVED_FILE_DIR)/Pods-Me-Moji2Tests-checkManifestLockResult.txt",
			);
			runOnlyForDeploymentPostprocessing = 0;
			shellPath = /bin/sh;
			shellScript = "diff \"${PODS_PODFILE_DIR_PATH}/Podfile.lock\" \"${PODS_ROOT}/Manifest.lock\" > /dev/null\nif [ $? != 0 ] ; then\n    # print error to STDERR\n    echo \"error: The sandbox is not in sync with the Podfile.lock. Run 'pod install' or update your CocoaPods installation.\" >&2\n    exit 1\nfi\n# This output is used by Xcode 'outputs' to avoid re-running this script phase.\necho \"SUCCESS\" > \"${SCRIPT_OUTPUT_FILE_0}\"\n";
			showEnvVarsInLog = 0;
		};
		6B033B4861FE69E64E66CC22 /* [CP] Embed Pods Frameworks */ = {
			isa = PBXShellScriptBuildPhase;
			buildActionMask = 2147483647;
			files = (
			);
			inputFileListPaths = (
				"${PODS_ROOT}/Target Support Files/Pods-Me-Moji2-Me-Moji2UITests/Pods-Me-Moji2-Me-Moji2UITests-frameworks-${CONFIGURATION}-input-files.xcfilelist",
			);
			name = "[CP] Embed Pods Frameworks";
			outputFileListPaths = (
				"${PODS_ROOT}/Target Support Files/Pods-Me-Moji2-Me-Moji2UITests/Pods-Me-Moji2-Me-Moji2UITests-frameworks-${CONFIGURATION}-output-files.xcfilelist",
			);
			runOnlyForDeploymentPostprocessing = 0;
			shellPath = /bin/sh;
			shellScript = "\"${PODS_ROOT}/Target Support Files/Pods-Me-Moji2-Me-Moji2UITests/Pods-Me-Moji2-Me-Moji2UITests-frameworks.sh\"\n";
			showEnvVarsInLog = 0;
		};
		77CBF7954C7DD753632C4474 /* [CP] Check Pods Manifest.lock */ = {
			isa = PBXShellScriptBuildPhase;
			buildActionMask = 2147483647;
			files = (
			);
			inputFileListPaths = (
			);
			inputPaths = (
				"${PODS_PODFILE_DIR_PATH}/Podfile.lock",
				"${PODS_ROOT}/Manifest.lock",
			);
			name = "[CP] Check Pods Manifest.lock";
			outputFileListPaths = (
			);
			outputPaths = (
				"$(DERIVED_FILE_DIR)/Pods-Me-Moji2-checkManifestLockResult.txt",
			);
			runOnlyForDeploymentPostprocessing = 0;
			shellPath = /bin/sh;
			shellScript = "diff \"${PODS_PODFILE_DIR_PATH}/Podfile.lock\" \"${PODS_ROOT}/Manifest.lock\" > /dev/null\nif [ $? != 0 ] ; then\n    # print error to STDERR\n    echo \"error: The sandbox is not in sync with the Podfile.lock. Run 'pod install' or update your CocoaPods installation.\" >&2\n    exit 1\nfi\n# This output is used by Xcode 'outputs' to avoid re-running this script phase.\necho \"SUCCESS\" > \"${SCRIPT_OUTPUT_FILE_0}\"\n";
			showEnvVarsInLog = 0;
		};
		AC09223F1138AF52BCBAC62B /* [CP] Check Pods Manifest.lock */ = {
			isa = PBXShellScriptBuildPhase;
			buildActionMask = 2147483647;
			files = (
			);
			inputFileListPaths = (
			);
			inputPaths = (
				"${PODS_PODFILE_DIR_PATH}/Podfile.lock",
				"${PODS_ROOT}/Manifest.lock",
			);
			name = "[CP] Check Pods Manifest.lock";
			outputFileListPaths = (
			);
			outputPaths = (
				"$(DERIVED_FILE_DIR)/Pods-Me-Moji2-Me-Moji2UITests-checkManifestLockResult.txt",
			);
			runOnlyForDeploymentPostprocessing = 0;
			shellPath = /bin/sh;
			shellScript = "diff \"${PODS_PODFILE_DIR_PATH}/Podfile.lock\" \"${PODS_ROOT}/Manifest.lock\" > /dev/null\nif [ $? != 0 ] ; then\n    # print error to STDERR\n    echo \"error: The sandbox is not in sync with the Podfile.lock. Run 'pod install' or update your CocoaPods installation.\" >&2\n    exit 1\nfi\n# This output is used by Xcode 'outputs' to avoid re-running this script phase.\necho \"SUCCESS\" > \"${SCRIPT_OUTPUT_FILE_0}\"\n";
			showEnvVarsInLog = 0;
		};
/* End PBXShellScriptBuildPhase section */

/* Begin PBXSourcesBuildPhase section */
		0BF21F152935823A00979382 /* Sources */ = {
			isa = PBXSourcesBuildPhase;
			buildActionMask = 2147483647;
			files = (
				0B7E7773293A24F900C47D6A /* LoginView.swift in Sources */,
				0BF21F1F2935823A00979382 /* LaunchView.swift in Sources */,
				0BF21F4B293582D700979382 /* FaceDisplayView.swift in Sources */,
				0B9E115429912CB0006830A4 /* StripeAPI.swift in Sources */,
				0B5A3C562942100100D9A127 /* CardDetailView.swift in Sources */,
				0BE6739229AE2E650061971C /* CartView - Stripe.swift in Sources */,
				0BFEE9D529A3D6D6003539D8 /* StripeBackend.swift in Sources */,
				0B5A3C5429413CF200D9A127 /* Model.swift in Sources */,
				0B6DBD752954821D00B05B17 /* CardWordCustomization.swift in Sources */,
				0B88B3DB293D2CE4001BDBBD /* NewAccountView.swift in Sources */,
				0BF21F4D2935846900979382 /* CustomizationView.swift in Sources */,
				0BCD1F42293B7D6C001F83F7 /* Button.Shapes.swift in Sources */,
				0B3B8F48294930F0005D0A0E /* CartView.swift in Sources */,
				0B9E115629912D41006830A4 /* StripeViews.swift in Sources */,
				0BF21F1D2935823A00979382 /* Me_Moji2App.swift in Sources */,
				0B3B8F4A2949E946005D0A0E /* CartRow.swift in Sources */,
				0BB06E082936E4A100599D68 /* ItemDisplayView.swift in Sources */,
				0BF2271C29E2E31700F739BA /* FacebookModel.swift in Sources */,
				0BCD1F3F293B7CA0001F83F7 /* ForgotPasword.swift in Sources */,
				0B8EFCFD29606E1F00880EE9 /* AddressView.swift in Sources */,
				0B88B3D9293D21E0001BDBBD /* ContentModel.swift in Sources */,
				0B88B3DE293D33A3001BDBBD /* CardChoice.swift in Sources */,
				0B3CFEEF29D4557100A43FE9 /* ErrorView.swift in Sources */,
			);
			runOnlyForDeploymentPostprocessing = 0;
		};
		0BF21F262935824100979382 /* Sources */ = {
			isa = PBXSourcesBuildPhase;
			buildActionMask = 2147483647;
			files = (
				0BF21F2F2935824100979382 /* Me_Moji2Tests.swift in Sources */,
			);
			runOnlyForDeploymentPostprocessing = 0;
		};
		0BF21F302935824100979382 /* Sources */ = {
			isa = PBXSourcesBuildPhase;
			buildActionMask = 2147483647;
			files = (
				0BF21F3B2935824100979382 /* Me_Moji2UITestsLaunchTests.swift in Sources */,
				0BF21F392935824100979382 /* Me_Moji2UITests.swift in Sources */,
			);
			runOnlyForDeploymentPostprocessing = 0;
		};
/* End PBXSourcesBuildPhase section */

/* Begin PBXTargetDependency section */
		0BF21F2C2935824100979382 /* PBXTargetDependency */ = {
			isa = PBXTargetDependency;
			target = 0BF21F182935823A00979382 /* Me-Moji2 */;
			targetProxy = 0BF21F2B2935824100979382 /* PBXContainerItemProxy */;
		};
		0BF21F362935824100979382 /* PBXTargetDependency */ = {
			isa = PBXTargetDependency;
			target = 0BF21F182935823A00979382 /* Me-Moji2 */;
			targetProxy = 0BF21F352935824100979382 /* PBXContainerItemProxy */;
		};
/* End PBXTargetDependency section */

/* Begin XCBuildConfiguration section */
		0BF21F3C2935824100979382 /* Debug */ = {
			isa = XCBuildConfiguration;
			buildSettings = {
				ALWAYS_SEARCH_USER_PATHS = NO;
				CLANG_ANALYZER_NONNULL = YES;
				CLANG_ANALYZER_NUMBER_OBJECT_CONVERSION = YES_AGGRESSIVE;
				CLANG_CXX_LANGUAGE_STANDARD = "gnu++20";
				CLANG_ENABLE_MODULES = YES;
				CLANG_ENABLE_OBJC_ARC = YES;
				CLANG_ENABLE_OBJC_WEAK = YES;
				CLANG_WARN_BLOCK_CAPTURE_AUTORELEASING = YES;
				CLANG_WARN_BOOL_CONVERSION = YES;
				CLANG_WARN_COMMA = YES;
				CLANG_WARN_CONSTANT_CONVERSION = YES;
				CLANG_WARN_DEPRECATED_OBJC_IMPLEMENTATIONS = YES;
				CLANG_WARN_DIRECT_OBJC_ISA_USAGE = YES_ERROR;
				CLANG_WARN_DOCUMENTATION_COMMENTS = YES;
				CLANG_WARN_EMPTY_BODY = YES;
				CLANG_WARN_ENUM_CONVERSION = YES;
				CLANG_WARN_INFINITE_RECURSION = YES;
				CLANG_WARN_INT_CONVERSION = YES;
				CLANG_WARN_NON_LITERAL_NULL_CONVERSION = YES;
				CLANG_WARN_OBJC_IMPLICIT_RETAIN_SELF = YES;
				CLANG_WARN_OBJC_LITERAL_CONVERSION = YES;
				CLANG_WARN_OBJC_ROOT_CLASS = YES_ERROR;
				CLANG_WARN_QUOTED_INCLUDE_IN_FRAMEWORK_HEADER = YES;
				CLANG_WARN_RANGE_LOOP_ANALYSIS = YES;
				CLANG_WARN_STRICT_PROTOTYPES = YES;
				CLANG_WARN_SUSPICIOUS_MOVE = YES;
				CLANG_WARN_UNGUARDED_AVAILABILITY = YES_AGGRESSIVE;
				CLANG_WARN_UNREACHABLE_CODE = YES;
				CLANG_WARN__DUPLICATE_METHOD_MATCH = YES;
				COPY_PHASE_STRIP = NO;
				DEAD_CODE_STRIPPING = YES;
				DEBUG_INFORMATION_FORMAT = dwarf;
				ENABLE_STRICT_OBJC_MSGSEND = YES;
				ENABLE_TESTABILITY = YES;
				GCC_C_LANGUAGE_STANDARD = gnu11;
				GCC_DYNAMIC_NO_PIC = NO;
				GCC_NO_COMMON_BLOCKS = YES;
				GCC_OPTIMIZATION_LEVEL = 0;
				GCC_PREPROCESSOR_DEFINITIONS = (
					"DEBUG=1",
					"$(inherited)",
				);
				GCC_WARN_64_TO_32_BIT_CONVERSION = YES;
				GCC_WARN_ABOUT_RETURN_TYPE = YES_ERROR;
				GCC_WARN_UNDECLARED_SELECTOR = YES;
				GCC_WARN_UNINITIALIZED_AUTOS = YES_AGGRESSIVE;
				GCC_WARN_UNUSED_FUNCTION = YES;
				GCC_WARN_UNUSED_VARIABLE = YES;
				IPHONEOS_DEPLOYMENT_TARGET = 15.0;
				MTL_ENABLE_DEBUG_INFO = INCLUDE_SOURCE;
				MTL_FAST_MATH = YES;
				ONLY_ACTIVE_ARCH = YES;
				SWIFT_ACTIVE_COMPILATION_CONDITIONS = DEBUG;
				SWIFT_OPTIMIZATION_LEVEL = "-Onone";
			};
			name = Debug;
		};
		0BF21F3D2935824100979382 /* Release */ = {
			isa = XCBuildConfiguration;
			buildSettings = {
				ALWAYS_SEARCH_USER_PATHS = NO;
				CLANG_ANALYZER_NONNULL = YES;
				CLANG_ANALYZER_NUMBER_OBJECT_CONVERSION = YES_AGGRESSIVE;
				CLANG_CXX_LANGUAGE_STANDARD = "gnu++20";
				CLANG_ENABLE_MODULES = YES;
				CLANG_ENABLE_OBJC_ARC = YES;
				CLANG_ENABLE_OBJC_WEAK = YES;
				CLANG_WARN_BLOCK_CAPTURE_AUTORELEASING = YES;
				CLANG_WARN_BOOL_CONVERSION = YES;
				CLANG_WARN_COMMA = YES;
				CLANG_WARN_CONSTANT_CONVERSION = YES;
				CLANG_WARN_DEPRECATED_OBJC_IMPLEMENTATIONS = YES;
				CLANG_WARN_DIRECT_OBJC_ISA_USAGE = YES_ERROR;
				CLANG_WARN_DOCUMENTATION_COMMENTS = YES;
				CLANG_WARN_EMPTY_BODY = YES;
				CLANG_WARN_ENUM_CONVERSION = YES;
				CLANG_WARN_INFINITE_RECURSION = YES;
				CLANG_WARN_INT_CONVERSION = YES;
				CLANG_WARN_NON_LITERAL_NULL_CONVERSION = YES;
				CLANG_WARN_OBJC_IMPLICIT_RETAIN_SELF = YES;
				CLANG_WARN_OBJC_LITERAL_CONVERSION = YES;
				CLANG_WARN_OBJC_ROOT_CLASS = YES_ERROR;
				CLANG_WARN_QUOTED_INCLUDE_IN_FRAMEWORK_HEADER = YES;
				CLANG_WARN_RANGE_LOOP_ANALYSIS = YES;
				CLANG_WARN_STRICT_PROTOTYPES = YES;
				CLANG_WARN_SUSPICIOUS_MOVE = YES;
				CLANG_WARN_UNGUARDED_AVAILABILITY = YES_AGGRESSIVE;
				CLANG_WARN_UNREACHABLE_CODE = YES;
				CLANG_WARN__DUPLICATE_METHOD_MATCH = YES;
				COPY_PHASE_STRIP = NO;
				DEAD_CODE_STRIPPING = YES;
				DEBUG_INFORMATION_FORMAT = "dwarf-with-dsym";
				ENABLE_NS_ASSERTIONS = NO;
				ENABLE_STRICT_OBJC_MSGSEND = YES;
				GCC_C_LANGUAGE_STANDARD = gnu11;
				GCC_NO_COMMON_BLOCKS = YES;
				GCC_WARN_64_TO_32_BIT_CONVERSION = YES;
				GCC_WARN_ABOUT_RETURN_TYPE = YES_ERROR;
				GCC_WARN_UNDECLARED_SELECTOR = YES;
				GCC_WARN_UNINITIALIZED_AUTOS = YES_AGGRESSIVE;
				GCC_WARN_UNUSED_FUNCTION = YES;
				GCC_WARN_UNUSED_VARIABLE = YES;
				IPHONEOS_DEPLOYMENT_TARGET = 15.0;
				MTL_ENABLE_DEBUG_INFO = NO;
				MTL_FAST_MATH = YES;
				ONLY_ACTIVE_ARCH = YES;
				SWIFT_COMPILATION_MODE = wholemodule;
				SWIFT_OPTIMIZATION_LEVEL = "-O";
			};
			name = Release;
		};
		0BF21F3F2935824100979382 /* Debug */ = {
			isa = XCBuildConfiguration;
			baseConfigurationReference = A4894EBFCD0CC2DD8B60C2AE /* Pods-Me-Moji2.debug.xcconfig */;
			buildSettings = {
				ASSETCATALOG_COMPILER_APPICON_NAME = AppIcon;
				ASSETCATALOG_COMPILER_GLOBAL_ACCENT_COLOR_NAME = AccentColor;
				CODE_SIGN_ENTITLEMENTS = "Me-Moji2/Me_Moji2.entitlements";
				CODE_SIGN_IDENTITY = "-";
				CODE_SIGN_STYLE = Automatic;
				CURRENT_PROJECT_VERSION = 1;
				DEAD_CODE_STRIPPING = YES;
				DEVELOPMENT_ASSET_PATHS = "\"Me-Moji2/Preview Content\"";
				ENABLE_PREVIEWS = YES;
				GENERATE_INFOPLIST_FILE = YES;
				INFOPLIST_FILE = "Me-Moji2/Info.plist";
				"INFOPLIST_KEY_UIApplicationSceneManifest_Generation[sdk=iphoneos*]" = YES;
				"INFOPLIST_KEY_UIApplicationSceneManifest_Generation[sdk=iphonesimulator*]" = YES;
				"INFOPLIST_KEY_UIApplicationSupportsIndirectInputEvents[sdk=iphoneos*]" = YES;
				"INFOPLIST_KEY_UIApplicationSupportsIndirectInputEvents[sdk=iphonesimulator*]" = YES;
				"INFOPLIST_KEY_UILaunchScreen_Generation[sdk=iphoneos*]" = YES;
				"INFOPLIST_KEY_UILaunchScreen_Generation[sdk=iphonesimulator*]" = YES;
				"INFOPLIST_KEY_UIStatusBarStyle[sdk=iphoneos*]" = UIStatusBarStyleDefault;
				"INFOPLIST_KEY_UIStatusBarStyle[sdk=iphonesimulator*]" = UIStatusBarStyleDefault;
				INFOPLIST_KEY_UISupportedInterfaceOrientations_iPad = "UIInterfaceOrientationPortrait UIInterfaceOrientationPortraitUpsideDown UIInterfaceOrientationLandscapeLeft UIInterfaceOrientationLandscapeRight";
				INFOPLIST_KEY_UISupportedInterfaceOrientations_iPhone = "UIInterfaceOrientationPortrait UIInterfaceOrientationLandscapeLeft UIInterfaceOrientationLandscapeRight";
				IPHONEOS_DEPLOYMENT_TARGET = 15.0;
				LD_RUNPATH_SEARCH_PATHS = "@executable_path/Frameworks";
				"LD_RUNPATH_SEARCH_PATHS[sdk=macosx*]" = "@executable_path/../Frameworks";
				MACOSX_DEPLOYMENT_TARGET = 12.6;
				MARKETING_VERSION = 1.0;
				PRODUCT_BUNDLE_IDENTIFIER = "Brett.Me-Moji2";
				PRODUCT_NAME = "$(TARGET_NAME)";
				SDKROOT = auto;
				SUPPORTED_PLATFORMS = "iphoneos iphonesimulator macosx";
				SWIFT_EMIT_LOC_STRINGS = YES;
				SWIFT_VERSION = 5.0;
				TARGETED_DEVICE_FAMILY = "1,2";
			};
			name = Debug;
		};
		0BF21F402935824100979382 /* Release */ = {
			isa = XCBuildConfiguration;
			baseConfigurationReference = 77B1AFAA0A62877EC9279FF5 /* Pods-Me-Moji2.release.xcconfig */;
			buildSettings = {
				ASSETCATALOG_COMPILER_APPICON_NAME = AppIcon;
				ASSETCATALOG_COMPILER_GLOBAL_ACCENT_COLOR_NAME = AccentColor;
				CODE_SIGN_ENTITLEMENTS = "Me-Moji2/Me_Moji2.entitlements";
				CODE_SIGN_IDENTITY = "-";
				CODE_SIGN_STYLE = Automatic;
				CURRENT_PROJECT_VERSION = 1;
				DEAD_CODE_STRIPPING = YES;
				DEVELOPMENT_ASSET_PATHS = "\"Me-Moji2/Preview Content\"";
				ENABLE_PREVIEWS = YES;
				GENERATE_INFOPLIST_FILE = YES;
				INFOPLIST_FILE = "Me-Moji2/Info.plist";
				"INFOPLIST_KEY_UIApplicationSceneManifest_Generation[sdk=iphoneos*]" = YES;
				"INFOPLIST_KEY_UIApplicationSceneManifest_Generation[sdk=iphonesimulator*]" = YES;
				"INFOPLIST_KEY_UIApplicationSupportsIndirectInputEvents[sdk=iphoneos*]" = YES;
				"INFOPLIST_KEY_UIApplicationSupportsIndirectInputEvents[sdk=iphonesimulator*]" = YES;
				"INFOPLIST_KEY_UILaunchScreen_Generation[sdk=iphoneos*]" = YES;
				"INFOPLIST_KEY_UILaunchScreen_Generation[sdk=iphonesimulator*]" = YES;
				"INFOPLIST_KEY_UIStatusBarStyle[sdk=iphoneos*]" = UIStatusBarStyleDefault;
				"INFOPLIST_KEY_UIStatusBarStyle[sdk=iphonesimulator*]" = UIStatusBarStyleDefault;
				INFOPLIST_KEY_UISupportedInterfaceOrientations_iPad = "UIInterfaceOrientationPortrait UIInterfaceOrientationPortraitUpsideDown UIInterfaceOrientationLandscapeLeft UIInterfaceOrientationLandscapeRight";
				INFOPLIST_KEY_UISupportedInterfaceOrientations_iPhone = "UIInterfaceOrientationPortrait UIInterfaceOrientationLandscapeLeft UIInterfaceOrientationLandscapeRight";
				IPHONEOS_DEPLOYMENT_TARGET = 15.0;
				LD_RUNPATH_SEARCH_PATHS = "@executable_path/Frameworks";
				"LD_RUNPATH_SEARCH_PATHS[sdk=macosx*]" = "@executable_path/../Frameworks";
				MACOSX_DEPLOYMENT_TARGET = 12.6;
				MARKETING_VERSION = 1.0;
				PRODUCT_BUNDLE_IDENTIFIER = "Brett.Me-Moji2";
				PRODUCT_NAME = "$(TARGET_NAME)";
				SDKROOT = auto;
				SUPPORTED_PLATFORMS = "iphoneos iphonesimulator macosx";
				SWIFT_EMIT_LOC_STRINGS = YES;
				SWIFT_VERSION = 5.0;
				TARGETED_DEVICE_FAMILY = "1,2";
			};
			name = Release;
		};
		0BF21F422935824100979382 /* Debug */ = {
			isa = XCBuildConfiguration;
			baseConfigurationReference = 8ABD545BBF091C1AC39F70A6 /* Pods-Me-Moji2Tests.debug.xcconfig */;
			buildSettings = {
				ALWAYS_EMBED_SWIFT_STANDARD_LIBRARIES = YES;
				BUNDLE_LOADER = "$(TEST_HOST)";
				CODE_SIGN_STYLE = Automatic;
				CURRENT_PROJECT_VERSION = 1;
				DEAD_CODE_STRIPPING = YES;
				GENERATE_INFOPLIST_FILE = YES;
				IPHONEOS_DEPLOYMENT_TARGET = 15.0;
				MACOSX_DEPLOYMENT_TARGET = 12.6;
				MARKETING_VERSION = 1.0;
				PRODUCT_BUNDLE_IDENTIFIER = "Brett.Me-Moji2Tests";
				PRODUCT_NAME = "$(TARGET_NAME)";
				SDKROOT = auto;
				SUPPORTED_PLATFORMS = "iphoneos iphonesimulator macosx";
				SWIFT_EMIT_LOC_STRINGS = NO;
				SWIFT_VERSION = 5.0;
				TARGETED_DEVICE_FAMILY = "1,2";
				TEST_HOST = "$(BUILT_PRODUCTS_DIR)/Me-Moji2.app/$(BUNDLE_EXECUTABLE_FOLDER_PATH)/Me-Moji2";
			};
			name = Debug;
		};
		0BF21F432935824100979382 /* Release */ = {
			isa = XCBuildConfiguration;
			baseConfigurationReference = 639B897C39882319E7ED7456 /* Pods-Me-Moji2Tests.release.xcconfig */;
			buildSettings = {
				ALWAYS_EMBED_SWIFT_STANDARD_LIBRARIES = YES;
				BUNDLE_LOADER = "$(TEST_HOST)";
				CODE_SIGN_STYLE = Automatic;
				CURRENT_PROJECT_VERSION = 1;
				DEAD_CODE_STRIPPING = YES;
				GENERATE_INFOPLIST_FILE = YES;
				IPHONEOS_DEPLOYMENT_TARGET = 15.0;
				MACOSX_DEPLOYMENT_TARGET = 12.6;
				MARKETING_VERSION = 1.0;
				PRODUCT_BUNDLE_IDENTIFIER = "Brett.Me-Moji2Tests";
				PRODUCT_NAME = "$(TARGET_NAME)";
				SDKROOT = auto;
				SUPPORTED_PLATFORMS = "iphoneos iphonesimulator macosx";
				SWIFT_EMIT_LOC_STRINGS = NO;
				SWIFT_VERSION = 5.0;
				TARGETED_DEVICE_FAMILY = "1,2";
				TEST_HOST = "$(BUILT_PRODUCTS_DIR)/Me-Moji2.app/$(BUNDLE_EXECUTABLE_FOLDER_PATH)/Me-Moji2";
			};
			name = Release;
		};
		0BF21F452935824100979382 /* Debug */ = {
			isa = XCBuildConfiguration;
			baseConfigurationReference = 7B60786F7F333418B636339A /* Pods-Me-Moji2-Me-Moji2UITests.debug.xcconfig */;
			buildSettings = {
				ALWAYS_EMBED_SWIFT_STANDARD_LIBRARIES = YES;
				CODE_SIGN_STYLE = Automatic;
				CURRENT_PROJECT_VERSION = 1;
				DEAD_CODE_STRIPPING = YES;
				GENERATE_INFOPLIST_FILE = YES;
				IPHONEOS_DEPLOYMENT_TARGET = 15.0;
				MACOSX_DEPLOYMENT_TARGET = 12.6;
				MARKETING_VERSION = 1.0;
				PRODUCT_BUNDLE_IDENTIFIER = "Brett.Me-Moji2UITests";
				PRODUCT_NAME = "$(TARGET_NAME)";
				SDKROOT = auto;
				SUPPORTED_PLATFORMS = "iphoneos iphonesimulator macosx";
				SWIFT_EMIT_LOC_STRINGS = NO;
				SWIFT_VERSION = 5.0;
				TARGETED_DEVICE_FAMILY = "1,2";
				TEST_TARGET_NAME = "Me-Moji2";
			};
			name = Debug;
		};
		0BF21F462935824100979382 /* Release */ = {
			isa = XCBuildConfiguration;
			baseConfigurationReference = 3B4EC332065B3DE04A065D22 /* Pods-Me-Moji2-Me-Moji2UITests.release.xcconfig */;
			buildSettings = {
				ALWAYS_EMBED_SWIFT_STANDARD_LIBRARIES = YES;
				CODE_SIGN_STYLE = Automatic;
				CURRENT_PROJECT_VERSION = 1;
				DEAD_CODE_STRIPPING = YES;
				GENERATE_INFOPLIST_FILE = YES;
				IPHONEOS_DEPLOYMENT_TARGET = 15.0;
				MACOSX_DEPLOYMENT_TARGET = 12.6;
				MARKETING_VERSION = 1.0;
				PRODUCT_BUNDLE_IDENTIFIER = "Brett.Me-Moji2UITests";
				PRODUCT_NAME = "$(TARGET_NAME)";
				SDKROOT = auto;
				SUPPORTED_PLATFORMS = "iphoneos iphonesimulator macosx";
				SWIFT_EMIT_LOC_STRINGS = NO;
				SWIFT_VERSION = 5.0;
				TARGETED_DEVICE_FAMILY = "1,2";
				TEST_TARGET_NAME = "Me-Moji2";
			};
			name = Release;
		};
/* End XCBuildConfiguration section */

/* Begin XCConfigurationList section */
		0BF21F142935823900979382 /* Build configuration list for PBXProject "Me-Moji2" */ = {
			isa = XCConfigurationList;
			buildConfigurations = (
				0BF21F3C2935824100979382 /* Debug */,
				0BF21F3D2935824100979382 /* Release */,
			);
			defaultConfigurationIsVisible = 0;
			defaultConfigurationName = Release;
		};
		0BF21F3E2935824100979382 /* Build configuration list for PBXNativeTarget "Me-Moji2" */ = {
			isa = XCConfigurationList;
			buildConfigurations = (
				0BF21F3F2935824100979382 /* Debug */,
				0BF21F402935824100979382 /* Release */,
			);
			defaultConfigurationIsVisible = 0;
			defaultConfigurationName = Release;
		};
		0BF21F412935824100979382 /* Build configuration list for PBXNativeTarget "Me-Moji2Tests" */ = {
			isa = XCConfigurationList;
			buildConfigurations = (
				0BF21F422935824100979382 /* Debug */,
				0BF21F432935824100979382 /* Release */,
			);
			defaultConfigurationIsVisible = 0;
			defaultConfigurationName = Release;
		};
		0BF21F442935824100979382 /* Build configuration list for PBXNativeTarget "Me-Moji2UITests" */ = {
			isa = XCConfigurationList;
			buildConfigurations = (
				0BF21F452935824100979382 /* Debug */,
				0BF21F462935824100979382 /* Release */,
			);
			defaultConfigurationIsVisible = 0;
			defaultConfigurationName = Release;
		};
/* End XCConfigurationList section */

/* Begin XCRemoteSwiftPackageReference section */
		0B045D5E296B614800F55E17 /* XCRemoteSwiftPackageReference "stripe-ios-spm" */ = {
			isa = XCRemoteSwiftPackageReference;
			repositoryURL = "https://github.com/stripe/stripe-ios-spm";
			requirement = {
				kind = upToNextMinorVersion;
				minimumVersion = 23.3.0;
			};
		};
/* End XCRemoteSwiftPackageReference section */

/* Begin XCSwiftPackageProductDependency section */
		0B045D5F296B614800F55E17 /* Stripe */ = {
			isa = XCSwiftPackageProductDependency;
			package = 0B045D5E296B614800F55E17 /* XCRemoteSwiftPackageReference "stripe-ios-spm" */;
			productName = Stripe;
		};
		0B045D61296B614800F55E17 /* StripePaymentSheet */ = {
			isa = XCSwiftPackageProductDependency;
			package = 0B045D5E296B614800F55E17 /* XCRemoteSwiftPackageReference "stripe-ios-spm" */;
			productName = StripePaymentSheet;
		};
		0B045D63296B614800F55E17 /* StripePayments */ = {
			isa = XCSwiftPackageProductDependency;
			package = 0B045D5E296B614800F55E17 /* XCRemoteSwiftPackageReference "stripe-ios-spm" */;
			productName = StripePayments;
		};
		0B045D65296B614900F55E17 /* StripePaymentsUI */ = {
			isa = XCSwiftPackageProductDependency;
			package = 0B045D5E296B614800F55E17 /* XCRemoteSwiftPackageReference "stripe-ios-spm" */;
			productName = StripePaymentsUI;
		};
/* End XCSwiftPackageProductDependency section */
	};
	rootObject = 0BF21F112935823900979382 /* Project object */;
}
